// !$*UTF8*$!
{
	archiveVersion = 1;
	classes = {
	};
	objectVersion = 46;
	objects = {

/* Begin PBXBuildFile section */
		AF8CB4AE151F749700E51397 /* Foundation.framework in Frameworks */ = {isa = PBXBuildFile; fileRef = AF8CB4AD151F749700E51397 /* Foundation.framework */; };
		AF8CB4B0151F749700E51397 /* UIKit.framework in Frameworks */ = {isa = PBXBuildFile; fileRef = AF8CB4AF151F749700E51397 /* UIKit.framework */; };
		AF8CB4B2151F749800E51397 /* CoreGraphics.framework in Frameworks */ = {isa = PBXBuildFile; fileRef = AF8CB4B1151F749700E51397 /* CoreGraphics.framework */; };
		AF8CB4B4151F749800E51397 /* AddressBook.framework in Frameworks */ = {isa = PBXBuildFile; fileRef = AF8CB4B3151F749800E51397 /* AddressBook.framework */; };
		AF8CB4B6151F749800E51397 /* AddressBookUI.framework in Frameworks */ = {isa = PBXBuildFile; fileRef = AF8CB4B5151F749800E51397 /* AddressBookUI.framework */; };
		AF8CB4B8151F749800E51397 /* AudioToolbox.framework in Frameworks */ = {isa = PBXBuildFile; fileRef = AF8CB4B7151F749800E51397 /* AudioToolbox.framework */; };
		AF8CB4BA151F749800E51397 /* AVFoundation.framework in Frameworks */ = {isa = PBXBuildFile; fileRef = AF8CB4B9151F749800E51397 /* AVFoundation.framework */; };
		AF8CB4BC151F749800E51397 /* CoreLocation.framework in Frameworks */ = {isa = PBXBuildFile; fileRef = AF8CB4BB151F749800E51397 /* CoreLocation.framework */; };
		AF8CB4BE151F749800E51397 /* MediaPlayer.framework in Frameworks */ = {isa = PBXBuildFile; fileRef = AF8CB4BD151F749800E51397 /* MediaPlayer.framework */; };
		AF8CB4C0151F749800E51397 /* QuartzCore.framework in Frameworks */ = {isa = PBXBuildFile; fileRef = AF8CB4BF151F749800E51397 /* QuartzCore.framework */; };
		AF8CB4C2151F749800E51397 /* SystemConfiguration.framework in Frameworks */ = {isa = PBXBuildFile; fileRef = AF8CB4C1151F749800E51397 /* SystemConfiguration.framework */; };
		AF8CB4C4151F749800E51397 /* MobileCoreServices.framework in Frameworks */ = {isa = PBXBuildFile; fileRef = AF8CB4C3151F749800E51397 /* MobileCoreServices.framework */; };
		AF8CB4C6151F749800E51397 /* CoreMedia.framework in Frameworks */ = {isa = PBXBuildFile; fileRef = AF8CB4C5151F749800E51397 /* CoreMedia.framework */; };
		AF8CB4CC151F749800E51397 /* InfoPlist.strings in Resources */ = {isa = PBXBuildFile; fileRef = AF8CB4CA151F749800E51397 /* InfoPlist.strings */; };
		AF8CB4CE151F749800E51397 /* main.m in Sources */ = {isa = PBXBuildFile; fileRef = AF8CB4CD151F749800E51397 /* main.m */; };
		AF8CB4D1151F749800E51397 /* PhoneGap.framework in Frameworks */ = {isa = PBXBuildFile; fileRef = AF8CB4D0151F749800E51397 /* PhoneGap.framework */; };
		AF8CB4D6151F749800E51397 /* Localizable.strings in Resources */ = {isa = PBXBuildFile; fileRef = AF8CB4D4151F749800E51397 /* Localizable.strings */; };
		AF8CB4DA151F749800E51397 /* Localizable.strings in Resources */ = {isa = PBXBuildFile; fileRef = AF8CB4D8151F749800E51397 /* Localizable.strings */; };
		AF8CB4DD151F749800E51397 /* icon.png in Resources */ = {isa = PBXBuildFile; fileRef = AF8CB4DC151F749800E51397 /* icon.png */; };
		AF8CB4DF151F749800E51397 /* icon@2x.png in Resources */ = {isa = PBXBuildFile; fileRef = AF8CB4DE151F749800E51397 /* icon@2x.png */; };
		AF8CB4E1151F749800E51397 /* icon-72.png in Resources */ = {isa = PBXBuildFile; fileRef = AF8CB4E0151F749800E51397 /* icon-72.png */; };
		AF8CB4E4151F749800E51397 /* Default.png in Resources */ = {isa = PBXBuildFile; fileRef = AF8CB4E3151F749800E51397 /* Default.png */; };
		AF8CB4E6151F749800E51397 /* Default@2x.png in Resources */ = {isa = PBXBuildFile; fileRef = AF8CB4E5151F749800E51397 /* Default@2x.png */; };
		AF8CB4E8151F749800E51397 /* Capture.bundle in Resources */ = {isa = PBXBuildFile; fileRef = AF8CB4E7151F749800E51397 /* Capture.bundle */; };
		AF8CB4EA151F749800E51397 /* PhoneGap.plist in Resources */ = {isa = PBXBuildFile; fileRef = AF8CB4E9151F749800E51397 /* PhoneGap.plist */; };
		AF8CB4EE151F749800E51397 /* AppDelegate.m in Sources */ = {isa = PBXBuildFile; fileRef = AF8CB4ED151F749800E51397 /* AppDelegate.m */; };
		AF8CB4F1151F749800E51397 /* MainViewController.m in Sources */ = {isa = PBXBuildFile; fileRef = AF8CB4F0151F749800E51397 /* MainViewController.m */; };
		AF8CB4F3151F749800E51397 /* MainViewController.xib in Resources */ = {isa = PBXBuildFile; fileRef = AF8CB4F2151F749800E51397 /* MainViewController.xib */; };
/* End PBXBuildFile section */

/* Begin PBXFileReference section */
		AF8CB4A9151F749700E51397 /* Test03.app */ = {isa = PBXFileReference; explicitFileType = wrapper.application; includeInIndex = 0; path = Test03.app; sourceTree = BUILT_PRODUCTS_DIR; };
		AF8CB4AD151F749700E51397 /* Foundation.framework */ = {isa = PBXFileReference; lastKnownFileType = wrapper.framework; name = Foundation.framework; path = System/Library/Frameworks/Foundation.framework; sourceTree = SDKROOT; };
		AF8CB4AF151F749700E51397 /* UIKit.framework */ = {isa = PBXFileReference; lastKnownFileType = wrapper.framework; name = UIKit.framework; path = System/Library/Frameworks/UIKit.framework; sourceTree = SDKROOT; };
		AF8CB4B1151F749700E51397 /* CoreGraphics.framework */ = {isa = PBXFileReference; lastKnownFileType = wrapper.framework; name = CoreGraphics.framework; path = System/Library/Frameworks/CoreGraphics.framework; sourceTree = SDKROOT; };
		AF8CB4B3151F749800E51397 /* AddressBook.framework */ = {isa = PBXFileReference; lastKnownFileType = wrapper.framework; name = AddressBook.framework; path = System/Library/Frameworks/AddressBook.framework; sourceTree = SDKROOT; };
		AF8CB4B5151F749800E51397 /* AddressBookUI.framework */ = {isa = PBXFileReference; lastKnownFileType = wrapper.framework; name = AddressBookUI.framework; path = System/Library/Frameworks/AddressBookUI.framework; sourceTree = SDKROOT; };
		AF8CB4B7151F749800E51397 /* AudioToolbox.framework */ = {isa = PBXFileReference; lastKnownFileType = wrapper.framework; name = AudioToolbox.framework; path = System/Library/Frameworks/AudioToolbox.framework; sourceTree = SDKROOT; };
		AF8CB4B9151F749800E51397 /* AVFoundation.framework */ = {isa = PBXFileReference; lastKnownFileType = wrapper.framework; name = AVFoundation.framework; path = System/Library/Frameworks/AVFoundation.framework; sourceTree = SDKROOT; };
		AF8CB4BB151F749800E51397 /* CoreLocation.framework */ = {isa = PBXFileReference; lastKnownFileType = wrapper.framework; name = CoreLocation.framework; path = System/Library/Frameworks/CoreLocation.framework; sourceTree = SDKROOT; };
		AF8CB4BD151F749800E51397 /* MediaPlayer.framework */ = {isa = PBXFileReference; lastKnownFileType = wrapper.framework; name = MediaPlayer.framework; path = System/Library/Frameworks/MediaPlayer.framework; sourceTree = SDKROOT; };
		AF8CB4BF151F749800E51397 /* QuartzCore.framework */ = {isa = PBXFileReference; lastKnownFileType = wrapper.framework; name = QuartzCore.framework; path = System/Library/Frameworks/QuartzCore.framework; sourceTree = SDKROOT; };
		AF8CB4C1151F749800E51397 /* SystemConfiguration.framework */ = {isa = PBXFileReference; lastKnownFileType = wrapper.framework; name = SystemConfiguration.framework; path = System/Library/Frameworks/SystemConfiguration.framework; sourceTree = SDKROOT; };
		AF8CB4C3151F749800E51397 /* MobileCoreServices.framework */ = {isa = PBXFileReference; lastKnownFileType = wrapper.framework; name = MobileCoreServices.framework; path = System/Library/Frameworks/MobileCoreServices.framework; sourceTree = SDKROOT; };
		AF8CB4C5151F749800E51397 /* CoreMedia.framework */ = {isa = PBXFileReference; lastKnownFileType = wrapper.framework; name = CoreMedia.framework; path = System/Library/Frameworks/CoreMedia.framework; sourceTree = SDKROOT; };
		AF8CB4C9151F749800E51397 /* Test03-Info.plist */ = {isa = PBXFileReference; path = "Test03-Info.plist"; sourceTree = "<group>"; };
		AF8CB4CB151F749800E51397 /* en */ = {isa = PBXFileReference; lastKnownFileType = text.plist.strings; name = en; path = en.lproj/InfoPlist.strings; sourceTree = "<group>"; };
		AF8CB4CD151F749800E51397 /* main.m */ = {isa = PBXFileReference; lastKnownFileType = sourcecode.c.objc; path = main.m; sourceTree = "<group>"; };
		AF8CB4CF151F749800E51397 /* Test03-Prefix.pch */ = {isa = PBXFileReference; path = "Test03-Prefix.pch"; sourceTree = "<group>"; };
		AF8CB4D0151F749800E51397 /* PhoneGap.framework */ = {isa = PBXFileReference; lastKnownFileType = wrapper.framework; name = PhoneGap.framework; path = /Users/Shared/PhoneGap/Frameworks/PhoneGap.framework; sourceTree = "<absolute>"; };
		AF8CB4D5151F749800E51397 /* en */ = {isa = PBXFileReference; lastKnownFileType = text.plist.strings; name = en; path = Resources/en.lproj/Localizable.strings; sourceTree = "<group>"; };
		AF8CB4D9151F749800E51397 /* es */ = {isa = PBXFileReference; lastKnownFileType = text.plist.strings; name = es; path = Resources/es.lproj/Localizable.strings; sourceTree = "<group>"; };
		AF8CB4DC151F749800E51397 /* icon.png */ = {isa = PBXFileReference; lastKnownFileType = image.png; name = icon.png; path = Resources/icons/icon.png; sourceTree = "<group>"; };
		AF8CB4DE151F749800E51397 /* icon@2x.png */ = {isa = PBXFileReference; lastKnownFileType = image.png; name = "icon@2x.png"; path = "Resources/icons/icon@2x.png"; sourceTree = "<group>"; };
		AF8CB4E0151F749800E51397 /* icon-72.png */ = {isa = PBXFileReference; lastKnownFileType = image.png; name = "icon-72.png"; path = "Resources/icons/icon-72.png"; sourceTree = "<group>"; };
		AF8CB4E3151F749800E51397 /* Default.png */ = {isa = PBXFileReference; lastKnownFileType = image.png; name = Default.png; path = Resources/splash/Default.png; sourceTree = "<group>"; };
		AF8CB4E5151F749800E51397 /* Default@2x.png */ = {isa = PBXFileReference; lastKnownFileType = image.png; name = "Default@2x.png"; path = "Resources/splash/Default@2x.png"; sourceTree = "<group>"; };
		AF8CB4E7151F749800E51397 /* Capture.bundle */ = {isa = PBXFileReference; lastKnownFileType = "wrapper.plug-in"; name = Capture.bundle; path = Resources/Capture.bundle; sourceTree = "<group>"; };
		AF8CB4E9151F749800E51397 /* PhoneGap.plist */ = {isa = PBXFileReference; lastKnownFileType = text.plist.xml; path = PhoneGap.plist; sourceTree = "<group>"; };
		AF8CB4EC151F749800E51397 /* AppDelegate.h */ = {isa = PBXFileReference; name = AppDelegate.h; path = Classes/AppDelegate.h; sourceTree = "<group>"; };
		AF8CB4ED151F749800E51397 /* AppDelegate.m */ = {isa = PBXFileReference; lastKnownFileType = sourcecode.c.objc; name = AppDelegate.m; path = Classes/AppDelegate.m; sourceTree = "<group>"; };
		AF8CB4EF151F749800E51397 /* MainViewController.h */ = {isa = PBXFileReference; name = MainViewController.h; path = Classes/MainViewController.h; sourceTree = "<group>"; };
		AF8CB4F0151F749800E51397 /* MainViewController.m */ = {isa = PBXFileReference; lastKnownFileType = sourcecode.c.objc; name = MainViewController.m; path = Classes/MainViewController.m; sourceTree = "<group>"; };
		AF8CB4F2151F749800E51397 /* MainViewController.xib */ = {isa = PBXFileReference; lastKnownFileType = file.xib; name = MainViewController.xib; path = Classes/MainViewController.xib; sourceTree = "<group>"; };
		AF8CB4F5151F749900E51397 /* README */ = {isa = PBXFileReference; name = README; path = Plugins/README; sourceTree = "<group>"; };
/* End PBXFileReference section */

/* Begin PBXFrameworksBuildPhase section */
		AF8CB4A3151F749700E51397 /* Frameworks */ = {
			isa = PBXFrameworksBuildPhase;
			buildActionMask = 2147483647;
			files = (
				AF8CB4AE151F749700E51397 /* Foundation.framework in Frameworks */,
				AF8CB4B0151F749700E51397 /* UIKit.framework in Frameworks */,
				AF8CB4B2151F749800E51397 /* CoreGraphics.framework in Frameworks */,
				AF8CB4B4151F749800E51397 /* AddressBook.framework in Frameworks */,
				AF8CB4B6151F749800E51397 /* AddressBookUI.framework in Frameworks */,
				AF8CB4B8151F749800E51397 /* AudioToolbox.framework in Frameworks */,
				AF8CB4BA151F749800E51397 /* AVFoundation.framework in Frameworks */,
				AF8CB4BC151F749800E51397 /* CoreLocation.framework in Frameworks */,
				AF8CB4BE151F749800E51397 /* MediaPlayer.framework in Frameworks */,
				AF8CB4C0151F749800E51397 /* QuartzCore.framework in Frameworks */,
				AF8CB4C2151F749800E51397 /* SystemConfiguration.framework in Frameworks */,
				AF8CB4C4151F749800E51397 /* MobileCoreServices.framework in Frameworks */,
				AF8CB4C6151F749800E51397 /* CoreMedia.framework in Frameworks */,
				AF8CB4D1151F749800E51397 /* PhoneGap.framework in Frameworks */,
			);
			runOnlyForDeploymentPostprocessing = 0;
		};
		AF8CB4A6151F749700E51397 /* Frameworks */ = {
			isa = PBXFrameworksBuildPhase;
			buildActionMask = 2147483647;
			files = (
			);
			runOnlyForDeploymentPostprocessing = 0;
		};
/* End PBXFrameworksBuildPhase section */

/* Begin PBXGroup section */
		AF8CB49B151F749600E51397 = {
			isa = PBXGroup;
			children = (
				AF8CB4C7151F749800E51397 /* Test03 */,
				AF8CB4AC151F749700E51397 /* Frameworks */,
				AF8CB4AA151F749700E51397 /* Products */,
			);
			sourceTree = "<group>";
		};
		AF8CB4AA151F749700E51397 /* Products */ = {
			isa = PBXGroup;
			children = (
				AF8CB4A9151F749700E51397 /* Test03.app */,
			);
			name = Products;
			sourceTree = "<group>";
		};
		AF8CB4AC151F749700E51397 /* Frameworks */ = {
			isa = PBXGroup;
			children = (
				AF8CB4AD151F749700E51397 /* Foundation.framework */,
				AF8CB4AF151F749700E51397 /* UIKit.framework */,
				AF8CB4B1151F749700E51397 /* CoreGraphics.framework */,
				AF8CB4B3151F749800E51397 /* AddressBook.framework */,
				AF8CB4B5151F749800E51397 /* AddressBookUI.framework */,
				AF8CB4B7151F749800E51397 /* AudioToolbox.framework */,
				AF8CB4B9151F749800E51397 /* AVFoundation.framework */,
				AF8CB4BB151F749800E51397 /* CoreLocation.framework */,
				AF8CB4BD151F749800E51397 /* MediaPlayer.framework */,
				AF8CB4BF151F749800E51397 /* QuartzCore.framework */,
				AF8CB4C1151F749800E51397 /* SystemConfiguration.framework */,
				AF8CB4C3151F749800E51397 /* MobileCoreServices.framework */,
				AF8CB4C5151F749800E51397 /* CoreMedia.framework */,
			);
			name = Frameworks;
			sourceTree = "<group>";
		};
		AF8CB4C7151F749800E51397 /* Test03 */ = {
			isa = PBXGroup;
			children = (
				AF8CB4D0151F749800E51397 /* PhoneGap.framework */,
				AF8CB4D2151F749800E51397 /* Resources */,
				AF8CB4EB151F749800E51397 /* Classes */,
				AF8CB4F4151F749900E51397 /* Plugins */,
				AF8CB4C8151F749800E51397 /* Supporting Files */,
			);
			path = Test03;
			sourceTree = "<group>";
		};
		AF8CB4C8151F749800E51397 /* Supporting Files */ = {
			isa = PBXGroup;
			children = (
				AF8CB4C9151F749800E51397 /* Test03-Info.plist */,
				AF8CB4CA151F749800E51397 /* InfoPlist.strings */,
				AF8CB4CD151F749800E51397 /* main.m */,
				AF8CB4CF151F749800E51397 /* Test03-Prefix.pch */,
				AF8CB4E9151F749800E51397 /* PhoneGap.plist */,
				AF8CB4F2151F749800E51397 /* MainViewController.xib */,
			);
			name = "Supporting Files";
			sourceTree = "<group>";
		};
		AF8CB4D2151F749800E51397 /* Resources */ = {
			isa = PBXGroup;
			children = (
				AF8CB4E7151F749800E51397 /* Capture.bundle */,
				AF8CB4D3151F749800E51397 /* en.lproj */,
				AF8CB4D7151F749800E51397 /* es.lproj */,
				AF8CB4DB151F749800E51397 /* icons */,
				AF8CB4E2151F749800E51397 /* splash */,
			);
			name = Resources;
			sourceTree = "<group>";
		};
		AF8CB4D3151F749800E51397 /* en.lproj */ = {
			isa = PBXGroup;
			children = (
				AF8CB4D4151F749800E51397 /* Localizable.strings */,
			);
			name = en.lproj;
			sourceTree = "<group>";
		};
		AF8CB4D7151F749800E51397 /* es.lproj */ = {
			isa = PBXGroup;
			children = (
				AF8CB4D8151F749800E51397 /* Localizable.strings */,
			);
			name = es.lproj;
			sourceTree = "<group>";
		};
		AF8CB4DB151F749800E51397 /* icons */ = {
			isa = PBXGroup;
			children = (
				AF8CB4DC151F749800E51397 /* icon.png */,
				AF8CB4DE151F749800E51397 /* icon@2x.png */,
				AF8CB4E0151F749800E51397 /* icon-72.png */,
			);
			name = icons;
			sourceTree = "<group>";
		};
		AF8CB4E2151F749800E51397 /* splash */ = {
			isa = PBXGroup;
			children = (
				AF8CB4E3151F749800E51397 /* Default.png */,
				AF8CB4E5151F749800E51397 /* Default@2x.png */,
			);
			name = splash;
			sourceTree = "<group>";
		};
		AF8CB4EB151F749800E51397 /* Classes */ = {
			isa = PBXGroup;
			children = (
				AF8CB4EC151F749800E51397 /* AppDelegate.h */,
				AF8CB4ED151F749800E51397 /* AppDelegate.m */,
				AF8CB4EF151F749800E51397 /* MainViewController.h */,
				AF8CB4F0151F749800E51397 /* MainViewController.m */,
			);
			name = Classes;
			sourceTree = "<group>";
		};
		AF8CB4F4151F749900E51397 /* Plugins */ = {
			isa = PBXGroup;
			children = (
				AF8CB4F5151F749900E51397 /* README */,
			);
			name = Plugins;
			sourceTree = "<group>";
		};
/* End PBXGroup section */

/* Begin PBXNativeTarget section */
		AF8CB4A8151F749700E51397 /* Test03 */ = {
			isa = PBXNativeTarget;
			buildConfigurationList = AF8CB4F8151F749900E51397 /* Build configuration list for PBXNativeTarget "Test03" */;
			buildPhases = (
				AF8CB4A2151F749700E51397 /* Sources */,
				AF8CB4A3151F749700E51397 /* Frameworks */,
				AF8CB4A4151F749700E51397 /* Resources */,
				AF8CB4A5151F749700E51397 /* Sources */,
				AF8CB4A6151F749700E51397 /* Frameworks */,
				AF8CB4A7151F749700E51397 /* ShellScript */,
			);
			buildRules = (
			);
			dependencies = (
			);
			name = Test03;
			productName = Test03;
			productReference = AF8CB4A9151F749700E51397 /* Test03.app */;
			productType = "com.apple.product-type.application";
		};
/* End PBXNativeTarget section */

/* Begin PBXProject section */
		AF8CB49D151F749600E51397 /* Project object */ = {
			isa = PBXProject;
			attributes = {
				LastUpgradeCheck = 0420;
			};
			buildConfigurationList = AF8CB4A0151F749600E51397 /* Build configuration list for PBXProject "Test03" */;
			compatibilityVersion = "Xcode 3.2";
			developmentRegion = English;
			hasScannedForEncodings = 0;
			knownRegions = (
				en,
				es,
			);
			mainGroup = AF8CB49B151F749600E51397;
			productRefGroup = AF8CB4AA151F749700E51397 /* Products */;
			projectDirPath = "";
			projectRoot = "";
			targets = (
				AF8CB4A8151F749700E51397 /* Test03 */,
			);
		};
/* End PBXProject section */

/* Begin PBXResourcesBuildPhase section */
		AF8CB4A4151F749700E51397 /* Resources */ = {
			isa = PBXResourcesBuildPhase;
			buildActionMask = 2147483647;
			files = (
				AF8CB4CC151F749800E51397 /* InfoPlist.strings in Resources */,
				AF8CB4D6151F749800E51397 /* Localizable.strings in Resources */,
				AF8CB4DA151F749800E51397 /* Localizable.strings in Resources */,
				AF8CB4DD151F749800E51397 /* icon.png in Resources */,
				AF8CB4DF151F749800E51397 /* icon@2x.png in Resources */,
				AF8CB4E1151F749800E51397 /* icon-72.png in Resources */,
				AF8CB4E4151F749800E51397 /* Default.png in Resources */,
				AF8CB4E6151F749800E51397 /* Default@2x.png in Resources */,
				AF8CB4E8151F749800E51397 /* Capture.bundle in Resources */,
				AF8CB4EA151F749800E51397 /* PhoneGap.plist in Resources */,
				AF8CB4F3151F749800E51397 /* MainViewController.xib in Resources */,
			);
			runOnlyForDeploymentPostprocessing = 0;
		};
/* End PBXResourcesBuildPhase section */

/* Begin PBXShellScriptBuildPhase section */
		AF8CB4A7151F749700E51397 /* ShellScript */ = {
			isa = PBXShellScriptBuildPhase;
			buildActionMask = 2147483647;
			files = (
			);
			inputPaths = (
			);
			outputPaths = (
			);
			runOnlyForDeploymentPostprocessing = 0;
			shellPath = /bin/bash;
			shellScript = "\n\t\t\t\t\t\t\t\tif [ ! -d \"$PROJECT_DIR/www\" ] ; then\n\t\t\t\t\t\t\t\t\tcp -R /Users/Shared/PhoneGap/Frameworks/PhoneGap.framework/www \"$PROJECT_DIR\"\n\t\t\t\t\t\t\t\tfi\n\t\t\t\t\t\t\t\t# detect www folder reference in project, if missing, print warning\n\t\t\t\t\t\t\t\tgrep \"{isa = PBXFileReference; lastKnownFileType = folder; path = www; sourceTree = \\\"<group>\\\"; };\" \"$PROJECT_DIR/$PROJECT_NAME.xcodeproj/project.pbxproj\"\n\t\t\t\t\t\t\t\trc=$? \n\t\t\t\t\t\t\t\tif [ $rc != 0 ] ; then\n\t\t\t\t\t\t\t\techo -e \"warning: Missing - Add $PROJECT_DIR/www as a folder reference in your project. Just drag and drop the folder into your project, into the Project Navigator of Xcode 4. Make sure you select the second radio-button: 'Create folder references for any added folders' (which will create a blue folder)\" 1>&2\n\t\t\t\t\t\t\t\tfi\t\t\t\t\t\t\t";
		};
/* End PBXShellScriptBuildPhase section */

/* Begin PBXSourcesBuildPhase section */
		AF8CB4A2151F749700E51397 /* Sources */ = {
			isa = PBXSourcesBuildPhase;
			buildActionMask = 2147483647;
			files = (
				AF8CB4CE151F749800E51397 /* main.m in Sources */,
				AF8CB4EE151F749800E51397 /* AppDelegate.m in Sources */,
				AF8CB4F1151F749800E51397 /* MainViewController.m in Sources */,
			);
			runOnlyForDeploymentPostprocessing = 0;
		};
		AF8CB4A5151F749700E51397 /* Sources */ = {
			isa = PBXSourcesBuildPhase;
			buildActionMask = 2147483647;
			files = (
			);
			runOnlyForDeploymentPostprocessing = 0;
		};
/* End PBXSourcesBuildPhase section */

/* Begin PBXVariantGroup section */
		AF8CB4CA151F749800E51397 /* InfoPlist.strings */ = {
			isa = PBXVariantGroup;
			children = (
				AF8CB4CB151F749800E51397 /* en */,
			);
			name = InfoPlist.strings;
			sourceTree = "<group>";
		};
		AF8CB4D4151F749800E51397 /* Localizable.strings */ = {
			isa = PBXVariantGroup;
			children = (
				AF8CB4D5151F749800E51397 /* en */,
			);
			name = Localizable.strings;
			sourceTree = "<group>";
		};
		AF8CB4D8151F749800E51397 /* Localizable.strings */ = {
			isa = PBXVariantGroup;
			children = (
				AF8CB4D9151F749800E51397 /* es */,
			);
			name = Localizable.strings;
			sourceTree = "<group>";
		};
/* End PBXVariantGroup section */

/* Begin XCBuildConfiguration section */
		AF8CB4F6151F749900E51397 /* Debug */ = {
			isa = XCBuildConfiguration;
			buildSettings = {
				ALWAYS_SEARCH_USER_PATHS = NO;
				ARCHS = "$(ARCHS_STANDARD_32_BIT)";
				CLANG_ENABLE_OBJC_ARC = YES;
				"CODE_SIGN_IDENTITY[sdk=iphoneos*]" = "iPhone Developer";
				COPY_PHASE_STRIP = NO;
				GCC_C_LANGUAGE_STANDARD = gnu99;
				GCC_DYNAMIC_NO_PIC = NO;
				GCC_OPTIMIZATION_LEVEL = 0;
				GCC_PREPROCESSOR_DEFINITIONS = (
					"DEBUG=1",
					"$(inherited)",
				);
				GCC_SYMBOLS_PRIVATE_EXTERN = NO;
				GCC_VERSION = com.apple.compilers.llvmgcc42;
				GCC_WARN_ABOUT_MISSING_PROTOTYPES = YES;
				GCC_WARN_ABOUT_RETURN_TYPE = YES;
				GCC_WARN_UNUSED_VARIABLE = YES;
				IPHONEOS_DEPLOYMENT_TARGET = 3.0;
				SDKROOT = iphoneos;
			};
			name = Debug;
		};
		AF8CB4F7151F749900E51397 /* Release */ = {
			isa = XCBuildConfiguration;
			buildSettings = {
				ALWAYS_SEARCH_USER_PATHS = NO;
				ARCHS = "$(ARCHS_STANDARD_32_BIT)";
				CLANG_ENABLE_OBJC_ARC = YES;
				"CODE_SIGN_IDENTITY[sdk=iphoneos*]" = "iPhone Developer";
				COPY_PHASE_STRIP = YES;
				GCC_C_LANGUAGE_STANDARD = gnu99;
				GCC_VERSION = com.apple.compilers.llvmgcc42;
				GCC_WARN_ABOUT_MISSING_PROTOTYPES = YES;
				GCC_WARN_ABOUT_RETURN_TYPE = YES;
				GCC_WARN_UNUSED_VARIABLE = YES;
				IPHONEOS_DEPLOYMENT_TARGET = 3.0;
				SDKROOT = iphoneos;
				VALIDATE_PRODUCT = YES;
			};
			name = Release;
		};
		AF8CB4F9151F749900E51397 /* Debug */ = {
			isa = XCBuildConfiguration;
			buildSettings = {
				ALWAYS_SEARCH_USER_PATHS = YES;
				COPY_PHASE_STRIP = NO;
				FRAMEWORK_SEARCH_PATHS = /Users/Shared/PhoneGap/Frameworks;
				GCC_DYNAMIC_NO_PIC = NO;
				GCC_PRECOMPILE_PREFIX_HEADER = YES;
				GCC_PREFIX_HEADER = "Test03/Test03-Prefix.pch";
				GCC_PREPROCESSOR_DEFINITIONS = "PHONEGAP_FRAMEWORK=YES";
				INFOPLIST_FILE = "Test03/Test03-Info.plist";
				OTHER_LDFLAGS = (
					"-weak_framework",
					UIKit,
					"-weak_framework",
					AVFoundation,
					"-weak_framework",
					CoreMedia,
					"-weak_library",
					/usr/lib/libSystem.B.dylib,
				);
				PRODUCT_NAME = "$(TARGET_NAME)";
				TARGETED_DEVICE_FAMILY = "1,2";
				WRAPPER_EXTENSION = app;
			};
			name = Debug;
		};
		AF8CB4FA151F749900E51397 /* Release */ = {
			isa = XCBuildConfiguration;
			buildSettings = {
				ALWAYS_SEARCH_USER_PATHS = YES;
				COPY_PHASE_STRIP = YES;
				DEBUG_INFORMATION_FORMAT = "dwarf-with-dsym";
				FRAMEWORK_SEARCH_PATHS = /Users/Shared/PhoneGap/Frameworks;
				GCC_PRECOMPILE_PREFIX_HEADER = YES;
				GCC_PREFIX_HEADER = "Test03/Test03-Prefix.pch";
				GCC_PREPROCESSOR_DEFINITIONS = "PHONEGAP_FRAMEWORK=YES";
				INFOPLIST_FILE = "Test03/Test03-Info.plist";
				OTHER_LDFLAGS = (
					"-weak_framework",
					UIKit,
					"-weak_framework",
					AVFoundation,
					"-weak_framework",
					CoreMedia,
					"-weak_library",
					/usr/lib/libSystem.B.dylib,
				);
				PRODUCT_NAME = "$(TARGET_NAME)";
				TARGETED_DEVICE_FAMILY = "1,2";
				VALIDATE_PRODUCT = YES;
				WRAPPER_EXTENSION = app;
			};
			name = Release;
		};
/* End XCBuildConfiguration section */

/* Begin XCConfigurationList section */
		AF8CB4A0151F749600E51397 /* Build configuration list for PBXProject "Test03" */ = {
			isa = XCConfigurationList;
			buildConfigurations = (
				AF8CB4F6151F749900E51397 /* Debug */,
				AF8CB4F7151F749900E51397 /* Release */,
			);
			defaultConfigurationIsVisible = 0;
			defaultConfigurationName = Release;
		};
		AF8CB4F8151F749900E51397 /* Build configuration list for PBXNativeTarget "Test03" */ = {
			isa = XCConfigurationList;
			buildConfigurations = (
				AF8CB4F9151F749900E51397 /* Debug */,
				AF8CB4FA151F749900E51397 /* Release */,
			);
			defaultConfigurationIsVisible = 0;
		};
/* End XCConfigurationList section */
	};
	rootObject = AF8CB49D151F749600E51397 /* Project object */;
}
