// !$*UTF8*$!
{
	archiveVersion = 1;
	classes = {
	};
	objectVersion = 46;
	objects = {

/* Begin PBXBuildFile section */
		AF8CB510151F767B00E51397 /* Foundation.framework in Frameworks */ = {isa = PBXBuildFile; fileRef = AF8CB50F151F767B00E51397 /* Foundation.framework */; };
		AF8CB512151F767B00E51397 /* UIKit.framework in Frameworks */ = {isa = PBXBuildFile; fileRef = AF8CB511151F767B00E51397 /* UIKit.framework */; };
		AF8CB514151F767C00E51397 /* CoreGraphics.framework in Frameworks */ = {isa = PBXBuildFile; fileRef = AF8CB513151F767B00E51397 /* CoreGraphics.framework */; };
		AF8CB516151F767C00E51397 /* AddressBook.framework in Frameworks */ = {isa = PBXBuildFile; fileRef = AF8CB515151F767C00E51397 /* AddressBook.framework */; };
		AF8CB518151F767C00E51397 /* AddressBookUI.framework in Frameworks */ = {isa = PBXBuildFile; fileRef = AF8CB517151F767C00E51397 /* AddressBookUI.framework */; };
		AF8CB51A151F767C00E51397 /* AudioToolbox.framework in Frameworks */ = {isa = PBXBuildFile; fileRef = AF8CB519151F767C00E51397 /* AudioToolbox.framework */; };
		AF8CB51C151F767C00E51397 /* AVFoundation.framework in Frameworks */ = {isa = PBXBuildFile; fileRef = AF8CB51B151F767C00E51397 /* AVFoundation.framework */; };
		AF8CB51E151F767C00E51397 /* CoreLocation.framework in Frameworks */ = {isa = PBXBuildFile; fileRef = AF8CB51D151F767C00E51397 /* CoreLocation.framework */; };
		AF8CB520151F767C00E51397 /* MediaPlayer.framework in Frameworks */ = {isa = PBXBuildFile; fileRef = AF8CB51F151F767C00E51397 /* MediaPlayer.framework */; };
		AF8CB522151F767C00E51397 /* QuartzCore.framework in Frameworks */ = {isa = PBXBuildFile; fileRef = AF8CB521151F767C00E51397 /* QuartzCore.framework */; };
		AF8CB524151F767C00E51397 /* SystemConfiguration.framework in Frameworks */ = {isa = PBXBuildFile; fileRef = AF8CB523151F767C00E51397 /* SystemConfiguration.framework */; };
		AF8CB526151F767C00E51397 /* MobileCoreServices.framework in Frameworks */ = {isa = PBXBuildFile; fileRef = AF8CB525151F767C00E51397 /* MobileCoreServices.framework */; };
		AF8CB528151F767C00E51397 /* CoreMedia.framework in Frameworks */ = {isa = PBXBuildFile; fileRef = AF8CB527151F767C00E51397 /* CoreMedia.framework */; };
		AF8CB52E151F767C00E51397 /* InfoPlist.strings in Resources */ = {isa = PBXBuildFile; fileRef = AF8CB52C151F767C00E51397 /* InfoPlist.strings */; };
		AF8CB530151F767C00E51397 /* main.m in Sources */ = {isa = PBXBuildFile; fileRef = AF8CB52F151F767C00E51397 /* main.m */; };
		AF8CB533151F767C00E51397 /* PhoneGap.framework in Frameworks */ = {isa = PBXBuildFile; fileRef = AF8CB532151F767C00E51397 /* PhoneGap.framework */; };
		AF8CB538151F767C00E51397 /* Localizable.strings in Resources */ = {isa = PBXBuildFile; fileRef = AF8CB536151F767C00E51397 /* Localizable.strings */; };
		AF8CB53C151F767C00E51397 /* Localizable.strings in Resources */ = {isa = PBXBuildFile; fileRef = AF8CB53A151F767C00E51397 /* Localizable.strings */; };
		AF8CB53F151F767C00E51397 /* icon.png in Resources */ = {isa = PBXBuildFile; fileRef = AF8CB53E151F767C00E51397 /* icon.png */; };
		AF8CB541151F767C00E51397 /* icon@2x.png in Resources */ = {isa = PBXBuildFile; fileRef = AF8CB540151F767C00E51397 /* icon@2x.png */; };
		AF8CB543151F767C00E51397 /* icon-72.png in Resources */ = {isa = PBXBuildFile; fileRef = AF8CB542151F767C00E51397 /* icon-72.png */; };
		AF8CB546151F767C00E51397 /* Default.png in Resources */ = {isa = PBXBuildFile; fileRef = AF8CB545151F767C00E51397 /* Default.png */; };
		AF8CB548151F767C00E51397 /* Default@2x.png in Resources */ = {isa = PBXBuildFile; fileRef = AF8CB547151F767C00E51397 /* Default@2x.png */; };
		AF8CB54A151F767C00E51397 /* Capture.bundle in Resources */ = {isa = PBXBuildFile; fileRef = AF8CB549151F767C00E51397 /* Capture.bundle */; };
		AF8CB54C151F767C00E51397 /* PhoneGap.plist in Resources */ = {isa = PBXBuildFile; fileRef = AF8CB54B151F767C00E51397 /* PhoneGap.plist */; };
		AF8CB550151F767C00E51397 /* AppDelegate.m in Sources */ = {isa = PBXBuildFile; fileRef = AF8CB54F151F767C00E51397 /* AppDelegate.m */; };
		AF8CB553151F767D00E51397 /* MainViewController.m in Sources */ = {isa = PBXBuildFile; fileRef = AF8CB552151F767D00E51397 /* MainViewController.m */; };
		AF8CB555151F767D00E51397 /* MainViewController.xib in Resources */ = {isa = PBXBuildFile; fileRef = AF8CB554151F767D00E51397 /* MainViewController.xib */; };
/* End PBXBuildFile section */

/* Begin PBXFileReference section */
		AF8CB50B151F767B00E51397 /* TestMin01.app */ = {isa = PBXFileReference; explicitFileType = wrapper.application; includeInIndex = 0; path = TestMin01.app; sourceTree = BUILT_PRODUCTS_DIR; };
		AF8CB50F151F767B00E51397 /* Foundation.framework */ = {isa = PBXFileReference; lastKnownFileType = wrapper.framework; name = Foundation.framework; path = System/Library/Frameworks/Foundation.framework; sourceTree = SDKROOT; };
		AF8CB511151F767B00E51397 /* UIKit.framework */ = {isa = PBXFileReference; lastKnownFileType = wrapper.framework; name = UIKit.framework; path = System/Library/Frameworks/UIKit.framework; sourceTree = SDKROOT; };
		AF8CB513151F767B00E51397 /* CoreGraphics.framework */ = {isa = PBXFileReference; lastKnownFileType = wrapper.framework; name = CoreGraphics.framework; path = System/Library/Frameworks/CoreGraphics.framework; sourceTree = SDKROOT; };
		AF8CB515151F767C00E51397 /* AddressBook.framework */ = {isa = PBXFileReference; lastKnownFileType = wrapper.framework; name = AddressBook.framework; path = System/Library/Frameworks/AddressBook.framework; sourceTree = SDKROOT; };
		AF8CB517151F767C00E51397 /* AddressBookUI.framework */ = {isa = PBXFileReference; lastKnownFileType = wrapper.framework; name = AddressBookUI.framework; path = System/Library/Frameworks/AddressBookUI.framework; sourceTree = SDKROOT; };
		AF8CB519151F767C00E51397 /* AudioToolbox.framework */ = {isa = PBXFileReference; lastKnownFileType = wrapper.framework; name = AudioToolbox.framework; path = System/Library/Frameworks/AudioToolbox.framework; sourceTree = SDKROOT; };
		AF8CB51B151F767C00E51397 /* AVFoundation.framework */ = {isa = PBXFileReference; lastKnownFileType = wrapper.framework; name = AVFoundation.framework; path = System/Library/Frameworks/AVFoundation.framework; sourceTree = SDKROOT; };
		AF8CB51D151F767C00E51397 /* CoreLocation.framework */ = {isa = PBXFileReference; lastKnownFileType = wrapper.framework; name = CoreLocation.framework; path = System/Library/Frameworks/CoreLocation.framework; sourceTree = SDKROOT; };
		AF8CB51F151F767C00E51397 /* MediaPlayer.framework */ = {isa = PBXFileReference; lastKnownFileType = wrapper.framework; name = MediaPlayer.framework; path = System/Library/Frameworks/MediaPlayer.framework; sourceTree = SDKROOT; };
		AF8CB521151F767C00E51397 /* QuartzCore.framework */ = {isa = PBXFileReference; lastKnownFileType = wrapper.framework; name = QuartzCore.framework; path = System/Library/Frameworks/QuartzCore.framework; sourceTree = SDKROOT; };
		AF8CB523151F767C00E51397 /* SystemConfiguration.framework */ = {isa = PBXFileReference; lastKnownFileType = wrapper.framework; name = SystemConfiguration.framework; path = System/Library/Frameworks/SystemConfiguration.framework; sourceTree = SDKROOT; };
		AF8CB525151F767C00E51397 /* MobileCoreServices.framework */ = {isa = PBXFileReference; lastKnownFileType = wrapper.framework; name = MobileCoreServices.framework; path = System/Library/Frameworks/MobileCoreServices.framework; sourceTree = SDKROOT; };
		AF8CB527151F767C00E51397 /* CoreMedia.framework */ = {isa = PBXFileReference; lastKnownFileType = wrapper.framework; name = CoreMedia.framework; path = System/Library/Frameworks/CoreMedia.framework; sourceTree = SDKROOT; };
		AF8CB52B151F767C00E51397 /* TestMin01-Info.plist */ = {isa = PBXFileReference; path = "TestMin01-Info.plist"; sourceTree = "<group>"; };
		AF8CB52D151F767C00E51397 /* en */ = {isa = PBXFileReference; lastKnownFileType = text.plist.strings; name = en; path = en.lproj/InfoPlist.strings; sourceTree = "<group>"; };
		AF8CB52F151F767C00E51397 /* main.m */ = {isa = PBXFileReference; lastKnownFileType = sourcecode.c.objc; path = main.m; sourceTree = "<group>"; };
		AF8CB531151F767C00E51397 /* TestMin01-Prefix.pch */ = {isa = PBXFileReference; path = "TestMin01-Prefix.pch"; sourceTree = "<group>"; };
		AF8CB532151F767C00E51397 /* PhoneGap.framework */ = {isa = PBXFileReference; lastKnownFileType = wrapper.framework; name = PhoneGap.framework; path = /Users/Shared/PhoneGap/Frameworks/PhoneGap.framework; sourceTree = "<absolute>"; };
		AF8CB537151F767C00E51397 /* en */ = {isa = PBXFileReference; lastKnownFileType = text.plist.strings; name = en; path = Resources/en.lproj/Localizable.strings; sourceTree = "<group>"; };
		AF8CB53B151F767C00E51397 /* es */ = {isa = PBXFileReference; lastKnownFileType = text.plist.strings; name = es; path = Resources/es.lproj/Localizable.strings; sourceTree = "<group>"; };
		AF8CB53E151F767C00E51397 /* icon.png */ = {isa = PBXFileReference; lastKnownFileType = image.png; name = icon.png; path = Resources/icons/icon.png; sourceTree = "<group>"; };
		AF8CB540151F767C00E51397 /* icon@2x.png */ = {isa = PBXFileReference; lastKnownFileType = image.png; name = "icon@2x.png"; path = "Resources/icons/icon@2x.png"; sourceTree = "<group>"; };
		AF8CB542151F767C00E51397 /* icon-72.png */ = {isa = PBXFileReference; lastKnownFileType = image.png; name = "icon-72.png"; path = "Resources/icons/icon-72.png"; sourceTree = "<group>"; };
		AF8CB545151F767C00E51397 /* Default.png */ = {isa = PBXFileReference; lastKnownFileType = image.png; name = Default.png; path = Resources/splash/Default.png; sourceTree = "<group>"; };
		AF8CB547151F767C00E51397 /* Default@2x.png */ = {isa = PBXFileReference; lastKnownFileType = image.png; name = "Default@2x.png"; path = "Resources/splash/Default@2x.png"; sourceTree = "<group>"; };
		AF8CB549151F767C00E51397 /* Capture.bundle */ = {isa = PBXFileReference; lastKnownFileType = "wrapper.plug-in"; name = Capture.bundle; path = Resources/Capture.bundle; sourceTree = "<group>"; };
		AF8CB54B151F767C00E51397 /* PhoneGap.plist */ = {isa = PBXFileReference; lastKnownFileType = text.plist.xml; path = PhoneGap.plist; sourceTree = "<group>"; };
		AF8CB54E151F767C00E51397 /* AppDelegate.h */ = {isa = PBXFileReference; name = AppDelegate.h; path = Classes/AppDelegate.h; sourceTree = "<group>"; };
		AF8CB54F151F767C00E51397 /* AppDelegate.m */ = {isa = PBXFileReference; lastKnownFileType = sourcecode.c.objc; name = AppDelegate.m; path = Classes/AppDelegate.m; sourceTree = "<group>"; };
		AF8CB551151F767C00E51397 /* MainViewController.h */ = {isa = PBXFileReference; name = MainViewController.h; path = Classes/MainViewController.h; sourceTree = "<group>"; };
		AF8CB552151F767D00E51397 /* MainViewController.m */ = {isa = PBXFileReference; lastKnownFileType = sourcecode.c.objc; name = MainViewController.m; path = Classes/MainViewController.m; sourceTree = "<group>"; };
		AF8CB554151F767D00E51397 /* MainViewController.xib */ = {isa = PBXFileReference; lastKnownFileType = file.xib; name = MainViewController.xib; path = Classes/MainViewController.xib; sourceTree = "<group>"; };
		AF8CB557151F767D00E51397 /* README */ = {isa = PBXFileReference; name = README; path = Plugins/README; sourceTree = "<group>"; };
/* End PBXFileReference section */

/* Begin PBXFrameworksBuildPhase section */
		AF8CB505151F767B00E51397 /* Frameworks */ = {
			isa = PBXFrameworksBuildPhase;
			buildActionMask = 2147483647;
			files = (
				AF8CB510151F767B00E51397 /* Foundation.framework in Frameworks */,
				AF8CB512151F767B00E51397 /* UIKit.framework in Frameworks */,
				AF8CB514151F767C00E51397 /* CoreGraphics.framework in Frameworks */,
				AF8CB516151F767C00E51397 /* AddressBook.framework in Frameworks */,
				AF8CB518151F767C00E51397 /* AddressBookUI.framework in Frameworks */,
				AF8CB51A151F767C00E51397 /* AudioToolbox.framework in Frameworks */,
				AF8CB51C151F767C00E51397 /* AVFoundation.framework in Frameworks */,
				AF8CB51E151F767C00E51397 /* CoreLocation.framework in Frameworks */,
				AF8CB520151F767C00E51397 /* MediaPlayer.framework in Frameworks */,
				AF8CB522151F767C00E51397 /* QuartzCore.framework in Frameworks */,
				AF8CB524151F767C00E51397 /* SystemConfiguration.framework in Frameworks */,
				AF8CB526151F767C00E51397 /* MobileCoreServices.framework in Frameworks */,
				AF8CB528151F767C00E51397 /* CoreMedia.framework in Frameworks */,
				AF8CB533151F767C00E51397 /* PhoneGap.framework in Frameworks */,
			);
			runOnlyForDeploymentPostprocessing = 0;
		};
		AF8CB508151F767B00E51397 /* Frameworks */ = {
			isa = PBXFrameworksBuildPhase;
			buildActionMask = 2147483647;
			files = (
			);
			runOnlyForDeploymentPostprocessing = 0;
		};
/* End PBXFrameworksBuildPhase section */

/* Begin PBXGroup section */
		AF8CB4FD151F767B00E51397 = {
			isa = PBXGroup;
			children = (
				AF8CB529151F767C00E51397 /* TestMin01 */,
				AF8CB50E151F767B00E51397 /* Frameworks */,
				AF8CB50C151F767B00E51397 /* Products */,
			);
			sourceTree = "<group>";
		};
		AF8CB50C151F767B00E51397 /* Products */ = {
			isa = PBXGroup;
			children = (
				AF8CB50B151F767B00E51397 /* TestMin01.app */,
			);
			name = Products;
			sourceTree = "<group>";
		};
		AF8CB50E151F767B00E51397 /* Frameworks */ = {
			isa = PBXGroup;
			children = (
				AF8CB50F151F767B00E51397 /* Foundation.framework */,
				AF8CB511151F767B00E51397 /* UIKit.framework */,
				AF8CB513151F767B00E51397 /* CoreGraphics.framework */,
				AF8CB515151F767C00E51397 /* AddressBook.framework */,
				AF8CB517151F767C00E51397 /* AddressBookUI.framework */,
				AF8CB519151F767C00E51397 /* AudioToolbox.framework */,
				AF8CB51B151F767C00E51397 /* AVFoundation.framework */,
				AF8CB51D151F767C00E51397 /* CoreLocation.framework */,
				AF8CB51F151F767C00E51397 /* MediaPlayer.framework */,
				AF8CB521151F767C00E51397 /* QuartzCore.framework */,
				AF8CB523151F767C00E51397 /* SystemConfiguration.framework */,
				AF8CB525151F767C00E51397 /* MobileCoreServices.framework */,
				AF8CB527151F767C00E51397 /* CoreMedia.framework */,
			);
			name = Frameworks;
			sourceTree = "<group>";
		};
		AF8CB529151F767C00E51397 /* TestMin01 */ = {
			isa = PBXGroup;
			children = (
				AF8CB532151F767C00E51397 /* PhoneGap.framework */,
				AF8CB534151F767C00E51397 /* Resources */,
				AF8CB54D151F767C00E51397 /* Classes */,
				AF8CB556151F767D00E51397 /* Plugins */,
				AF8CB52A151F767C00E51397 /* Supporting Files */,
			);
			path = TestMin01;
			sourceTree = "<group>";
		};
		AF8CB52A151F767C00E51397 /* Supporting Files */ = {
			isa = PBXGroup;
			children = (
				AF8CB52B151F767C00E51397 /* TestMin01-Info.plist */,
				AF8CB52C151F767C00E51397 /* InfoPlist.strings */,
				AF8CB52F151F767C00E51397 /* main.m */,
				AF8CB531151F767C00E51397 /* TestMin01-Prefix.pch */,
				AF8CB54B151F767C00E51397 /* PhoneGap.plist */,
				AF8CB554151F767D00E51397 /* MainViewController.xib */,
			);
			name = "Supporting Files";
			sourceTree = "<group>";
		};
		AF8CB534151F767C00E51397 /* Resources */ = {
			isa = PBXGroup;
			children = (
				AF8CB549151F767C00E51397 /* Capture.bundle */,
				AF8CB535151F767C00E51397 /* en.lproj */,
				AF8CB539151F767C00E51397 /* es.lproj */,
				AF8CB53D151F767C00E51397 /* icons */,
				AF8CB544151F767C00E51397 /* splash */,
			);
			name = Resources;
			sourceTree = "<group>";
		};
		AF8CB535151F767C00E51397 /* en.lproj */ = {
			isa = PBXGroup;
			children = (
				AF8CB536151F767C00E51397 /* Localizable.strings */,
			);
			name = en.lproj;
			sourceTree = "<group>";
		};
		AF8CB539151F767C00E51397 /* es.lproj */ = {
			isa = PBXGroup;
			children = (
				AF8CB53A151F767C00E51397 /* Localizable.strings */,
			);
			name = es.lproj;
			sourceTree = "<group>";
		};
		AF8CB53D151F767C00E51397 /* icons */ = {
			isa = PBXGroup;
			children = (
				AF8CB53E151F767C00E51397 /* icon.png */,
				AF8CB540151F767C00E51397 /* icon@2x.png */,
				AF8CB542151F767C00E51397 /* icon-72.png */,
			);
			name = icons;
			sourceTree = "<group>";
		};
		AF8CB544151F767C00E51397 /* splash */ = {
			isa = PBXGroup;
			children = (
				AF8CB545151F767C00E51397 /* Default.png */,
				AF8CB547151F767C00E51397 /* Default@2x.png */,
			);
			name = splash;
			sourceTree = "<group>";
		};
		AF8CB54D151F767C00E51397 /* Classes */ = {
			isa = PBXGroup;
			children = (
				AF8CB54E151F767C00E51397 /* AppDelegate.h */,
				AF8CB54F151F767C00E51397 /* AppDelegate.m */,
				AF8CB551151F767C00E51397 /* MainViewController.h */,
				AF8CB552151F767D00E51397 /* MainViewController.m */,
			);
			name = Classes;
			sourceTree = "<group>";
		};
		AF8CB556151F767D00E51397 /* Plugins */ = {
			isa = PBXGroup;
			children = (
				AF8CB557151F767D00E51397 /* README */,
			);
			name = Plugins;
			sourceTree = "<group>";
		};
/* End PBXGroup section */

/* Begin PBXNativeTarget section */
		AF8CB50A151F767B00E51397 /* TestMin01 */ = {
			isa = PBXNativeTarget;
			buildConfigurationList = AF8CB55A151F767D00E51397 /* Build configuration list for PBXNativeTarget "TestMin01" */;
			buildPhases = (
				AF8CB504151F767B00E51397 /* Sources */,
				AF8CB505151F767B00E51397 /* Frameworks */,
				AF8CB506151F767B00E51397 /* Resources */,
				AF8CB507151F767B00E51397 /* Sources */,
				AF8CB508151F767B00E51397 /* Frameworks */,
				AF8CB509151F767B00E51397 /* ShellScript */,
			);
			buildRules = (
			);
			dependencies = (
			);
			name = TestMin01;
			productName = TestMin01;
			productReference = AF8CB50B151F767B00E51397 /* TestMin01.app */;
			productType = "com.apple.product-type.application";
		};
/* End PBXNativeTarget section */

/* Begin PBXProject section */
		AF8CB4FF151F767B00E51397 /* Project object */ = {
			isa = PBXProject;
			attributes = {
				LastUpgradeCheck = 0420;
			};
			buildConfigurationList = AF8CB502151F767B00E51397 /* Build configuration list for PBXProject "TestMin01" */;
			compatibilityVersion = "Xcode 3.2";
			developmentRegion = English;
			hasScannedForEncodings = 0;
			knownRegions = (
				en,
				es,
			);
			mainGroup = AF8CB4FD151F767B00E51397;
			productRefGroup = AF8CB50C151F767B00E51397 /* Products */;
			projectDirPath = "";
			projectRoot = "";
			targets = (
				AF8CB50A151F767B00E51397 /* TestMin01 */,
			);
		};
/* End PBXProject section */

/* Begin PBXResourcesBuildPhase section */
		AF8CB506151F767B00E51397 /* Resources */ = {
			isa = PBXResourcesBuildPhase;
			buildActionMask = 2147483647;
			files = (
				AF8CB52E151F767C00E51397 /* InfoPlist.strings in Resources */,
				AF8CB538151F767C00E51397 /* Localizable.strings in Resources */,
				AF8CB53C151F767C00E51397 /* Localizable.strings in Resources */,
				AF8CB53F151F767C00E51397 /* icon.png in Resources */,
				AF8CB541151F767C00E51397 /* icon@2x.png in Resources */,
				AF8CB543151F767C00E51397 /* icon-72.png in Resources */,
				AF8CB546151F767C00E51397 /* Default.png in Resources */,
				AF8CB548151F767C00E51397 /* Default@2x.png in Resources */,
				AF8CB54A151F767C00E51397 /* Capture.bundle in Resources */,
				AF8CB54C151F767C00E51397 /* PhoneGap.plist in Resources */,
				AF8CB555151F767D00E51397 /* MainViewController.xib in Resources */,
			);
			runOnlyForDeploymentPostprocessing = 0;
		};
/* End PBXResourcesBuildPhase section */

/* Begin PBXShellScriptBuildPhase section */
		AF8CB509151F767B00E51397 /* ShellScript */ = {
			isa = PBXShellScriptBuildPhase;
			buildActionMask = 2147483647;
			files = (
			);
			inputPaths = (
			);
			outputPaths = (
			);
			runOnlyForDeploymentPostprocessing = 0;
			shellPath = /bin/bash;
			shellScript = "\n\t\t\t\t\t\t\t\tif [ ! -d \"$PROJECT_DIR/www\" ] ; then\n\t\t\t\t\t\t\t\t\tcp -R /Users/Shared/PhoneGap/Frameworks/PhoneGap.framework/www \"$PROJECT_DIR\"\n\t\t\t\t\t\t\t\tfi\n\t\t\t\t\t\t\t\t# detect www folder reference in project, if missing, print warning\n\t\t\t\t\t\t\t\tgrep \"{isa = PBXFileReference; lastKnownFileType = folder; path = www; sourceTree = \\\"<group>\\\"; };\" \"$PROJECT_DIR/$PROJECT_NAME.xcodeproj/project.pbxproj\"\n\t\t\t\t\t\t\t\trc=$? \n\t\t\t\t\t\t\t\tif [ $rc != 0 ] ; then\n\t\t\t\t\t\t\t\techo -e \"warning: Missing - Add $PROJECT_DIR/www as a folder reference in your project. Just drag and drop the folder into your project, into the Project Navigator of Xcode 4. Make sure you select the second radio-button: 'Create folder references for any added folders' (which will create a blue folder)\" 1>&2\n\t\t\t\t\t\t\t\tfi\t\t\t\t\t\t\t";
		};
/* End PBXShellScriptBuildPhase section */

/* Begin PBXSourcesBuildPhase section */
		AF8CB504151F767B00E51397 /* Sources */ = {
			isa = PBXSourcesBuildPhase;
			buildActionMask = 2147483647;
			files = (
				AF8CB530151F767C00E51397 /* main.m in Sources */,
				AF8CB550151F767C00E51397 /* AppDelegate.m in Sources */,
				AF8CB553151F767D00E51397 /* MainViewController.m in Sources */,
			);
			runOnlyForDeploymentPostprocessing = 0;
		};
		AF8CB507151F767B00E51397 /* Sources */ = {
			isa = PBXSourcesBuildPhase;
			buildActionMask = 2147483647;
			files = (
			);
			runOnlyForDeploymentPostprocessing = 0;
		};
/* End PBXSourcesBuildPhase section */

/* Begin PBXVariantGroup section */
		AF8CB52C151F767C00E51397 /* InfoPlist.strings */ = {
			isa = PBXVariantGroup;
			children = (
				AF8CB52D151F767C00E51397 /* en */,
			);
			name = InfoPlist.strings;
			sourceTree = "<group>";
		};
		AF8CB536151F767C00E51397 /* Localizable.strings */ = {
			isa = PBXVariantGroup;
			children = (
				AF8CB537151F767C00E51397 /* en */,
			);
			name = Localizable.strings;
			sourceTree = "<group>";
		};
		AF8CB53A151F767C00E51397 /* Localizable.strings */ = {
			isa = PBXVariantGroup;
			children = (
				AF8CB53B151F767C00E51397 /* es */,
			);
			name = Localizable.strings;
			sourceTree = "<group>";
		};
/* End PBXVariantGroup section */

/* Begin XCBuildConfiguration section */
		AF8CB558151F767D00E51397 /* Debug */ = {
			isa = XCBuildConfiguration;
			buildSettings = {
				ALWAYS_SEARCH_USER_PATHS = NO;
				ARCHS = "$(ARCHS_STANDARD_32_BIT)";
				CLANG_ENABLE_OBJC_ARC = YES;
				"CODE_SIGN_IDENTITY[sdk=iphoneos*]" = "iPhone Developer";
				COPY_PHASE_STRIP = NO;
				GCC_C_LANGUAGE_STANDARD = gnu99;
				GCC_DYNAMIC_NO_PIC = NO;
				GCC_OPTIMIZATION_LEVEL = 0;
				GCC_PREPROCESSOR_DEFINITIONS = (
					"DEBUG=1",
					"$(inherited)",
				);
				GCC_SYMBOLS_PRIVATE_EXTERN = NO;
				GCC_VERSION = com.apple.compilers.llvmgcc42;
				GCC_WARN_ABOUT_MISSING_PROTOTYPES = YES;
				GCC_WARN_ABOUT_RETURN_TYPE = YES;
				GCC_WARN_UNUSED_VARIABLE = YES;
				IPHONEOS_DEPLOYMENT_TARGET = 3.0;
				SDKROOT = iphoneos;
			};
			name = Debug;
		};
		AF8CB559151F767D00E51397 /* Release */ = {
			isa = XCBuildConfiguration;
			buildSettings = {
				ALWAYS_SEARCH_USER_PATHS = NO;
				ARCHS = "$(ARCHS_STANDARD_32_BIT)";
				CLANG_ENABLE_OBJC_ARC = YES;
				"CODE_SIGN_IDENTITY[sdk=iphoneos*]" = "iPhone Developer";
				COPY_PHASE_STRIP = YES;
				GCC_C_LANGUAGE_STANDARD = gnu99;
				GCC_VERSION = com.apple.compilers.llvmgcc42;
				GCC_WARN_ABOUT_MISSING_PROTOTYPES = YES;
				GCC_WARN_ABOUT_RETURN_TYPE = YES;
				GCC_WARN_UNUSED_VARIABLE = YES;
				IPHONEOS_DEPLOYMENT_TARGET = 3.0;
				SDKROOT = iphoneos;
				VALIDATE_PRODUCT = YES;
			};
			name = Release;
		};
		AF8CB55B151F767D00E51397 /* Debug */ = {
			isa = XCBuildConfiguration;
			buildSettings = {
				ALWAYS_SEARCH_USER_PATHS = YES;
				COPY_PHASE_STRIP = NO;
				FRAMEWORK_SEARCH_PATHS = /Users/Shared/PhoneGap/Frameworks;
				GCC_DYNAMIC_NO_PIC = NO;
				GCC_PRECOMPILE_PREFIX_HEADER = YES;
				GCC_PREFIX_HEADER = "TestMin01/TestMin01-Prefix.pch";
				GCC_PREPROCESSOR_DEFINITIONS = "PHONEGAP_FRAMEWORK=YES";
				INFOPLIST_FILE = "TestMin01/TestMin01-Info.plist";
				OTHER_LDFLAGS = (
					"-weak_framework",
					UIKit,
					"-weak_framework",
					AVFoundation,
					"-weak_framework",
					CoreMedia,
					"-weak_library",
					/usr/lib/libSystem.B.dylib,
				);
				PRODUCT_NAME = "$(TARGET_NAME)";
				TARGETED_DEVICE_FAMILY = "1,2";
				WRAPPER_EXTENSION = app;
			};
			name = Debug;
		};
		AF8CB55C151F767D00E51397 /* Release */ = {
			isa = XCBuildConfiguration;
			buildSettings = {
				ALWAYS_SEARCH_USER_PATHS = YES;
				COPY_PHASE_STRIP = YES;
				DEBUG_INFORMATION_FORMAT = "dwarf-with-dsym";
				FRAMEWORK_SEARCH_PATHS = /Users/Shared/PhoneGap/Frameworks;
				GCC_PRECOMPILE_PREFIX_HEADER = YES;
				GCC_PREFIX_HEADER = "TestMin01/TestMin01-Prefix.pch";
				GCC_PREPROCESSOR_DEFINITIONS = "PHONEGAP_FRAMEWORK=YES";
				INFOPLIST_FILE = "TestMin01/TestMin01-Info.plist";
				OTHER_LDFLAGS = (
					"-weak_framework",
					UIKit,
					"-weak_framework",
					AVFoundation,
					"-weak_framework",
					CoreMedia,
					"-weak_library",
					/usr/lib/libSystem.B.dylib,
				);
				PRODUCT_NAME = "$(TARGET_NAME)";
				TARGETED_DEVICE_FAMILY = "1,2";
				VALIDATE_PRODUCT = YES;
				WRAPPER_EXTENSION = app;
			};
			name = Release;
		};
/* End XCBuildConfiguration section */

/* Begin XCConfigurationList section */
		AF8CB502151F767B00E51397 /* Build configuration list for PBXProject "TestMin01" */ = {
			isa = XCConfigurationList;
			buildConfigurations = (
				AF8CB558151F767D00E51397 /* Debug */,
				AF8CB559151F767D00E51397 /* Release */,
			);
			defaultConfigurationIsVisible = 0;
			defaultConfigurationName = Release;
		};
		AF8CB55A151F767D00E51397 /* Build configuration list for PBXNativeTarget "TestMin01" */ = {
			isa = XCConfigurationList;
			buildConfigurations = (
				AF8CB55B151F767D00E51397 /* Debug */,
				AF8CB55C151F767D00E51397 /* Release */,
			);
			defaultConfigurationIsVisible = 0;
		};
/* End XCConfigurationList section */
	};
	rootObject = AF8CB4FF151F767B00E51397 /* Project object */;
}
