// !$*UTF8*$!
{
	archiveVersion = 1;
	classes = {
	};
	objectVersion = 46;
	objects = {

/* Begin PBXBuildFile section */
		AF1CF4CF1544577900681CAA /* Default.png in Resources */ = {isa = PBXBuildFile; fileRef = AF1CF4CD1544577900681CAA /* Default.png */; };
		AF1CF4D01544577900681CAA /* Default@2x.png in Resources */ = {isa = PBXBuildFile; fileRef = AF1CF4CE1544577900681CAA /* Default@2x.png */; };
		AFA13C9F154437C6009B485F /* www in Resources */ = {isa = PBXBuildFile; fileRef = AFA13C9E154437C6009B485F /* www */; };
		AFA13CA215443B33009B485F /* Default-Landscape~ipad.png in Resources */ = {isa = PBXBuildFile; fileRef = AFA13CA115443B33009B485F /* Default-Landscape~ipad.png */; };
		AFA13CA415443D86009B485F /* Default-Portrait~ipad.png in Resources */ = {isa = PBXBuildFile; fileRef = AFA13CA315443D86009B485F /* Default-Portrait~ipad.png */; };
		AFA13CA615444037009B485F /* icon@2x~ipad.png in Resources */ = {isa = PBXBuildFile; fileRef = AFA13CA515444037009B485F /* icon@2x~ipad.png */; };
		AFA13CA8154442A7009B485F /* Default-Landscape@2x~ipad.png in Resources */ = {isa = PBXBuildFile; fileRef = AFA13CA7154442A7009B485F /* Default-Landscape@2x~ipad.png */; };
		AFA13CAA154442E3009B485F /* Default-Portrait@2x~ipad.png in Resources */ = {isa = PBXBuildFile; fileRef = AFA13CA9154442E3009B485F /* Default-Portrait@2x~ipad.png */; };
		AFA13CAC154446D2009B485F /* icon-72.png in Resources */ = {isa = PBXBuildFile; fileRef = AFA13CAB154446D2009B485F /* icon-72.png */; };
		AFA13CAE15444700009B485F /* icon.png in Resources */ = {isa = PBXBuildFile; fileRef = AFA13CAD15444700009B485F /* icon.png */; };
		AFA13CB01544470A009B485F /* icon@2x.png in Resources */ = {isa = PBXBuildFile; fileRef = AFA13CAF1544470A009B485F /* icon@2x.png */; };
		AFEF240E15419102009933B3 /* Foundation.framework in Frameworks */ = {isa = PBXBuildFile; fileRef = AFEF240D15419102009933B3 /* Foundation.framework */; };
		AFEF241015419102009933B3 /* UIKit.framework in Frameworks */ = {isa = PBXBuildFile; fileRef = AFEF240F15419102009933B3 /* UIKit.framework */; };
		AFEF241215419102009933B3 /* CoreGraphics.framework in Frameworks */ = {isa = PBXBuildFile; fileRef = AFEF241115419102009933B3 /* CoreGraphics.framework */; };
		AFEF241415419102009933B3 /* AddressBook.framework in Frameworks */ = {isa = PBXBuildFile; fileRef = AFEF241315419102009933B3 /* AddressBook.framework */; };
		AFEF241615419102009933B3 /* AddressBookUI.framework in Frameworks */ = {isa = PBXBuildFile; fileRef = AFEF241515419102009933B3 /* AddressBookUI.framework */; };
		AFEF241815419102009933B3 /* AudioToolbox.framework in Frameworks */ = {isa = PBXBuildFile; fileRef = AFEF241715419102009933B3 /* AudioToolbox.framework */; };
		AFEF241A15419102009933B3 /* AVFoundation.framework in Frameworks */ = {isa = PBXBuildFile; fileRef = AFEF241915419102009933B3 /* AVFoundation.framework */; };
		AFEF241C15419102009933B3 /* CoreLocation.framework in Frameworks */ = {isa = PBXBuildFile; fileRef = AFEF241B15419102009933B3 /* CoreLocation.framework */; };
		AFEF241E15419102009933B3 /* MediaPlayer.framework in Frameworks */ = {isa = PBXBuildFile; fileRef = AFEF241D15419102009933B3 /* MediaPlayer.framework */; };
		AFEF242015419102009933B3 /* QuartzCore.framework in Frameworks */ = {isa = PBXBuildFile; fileRef = AFEF241F15419102009933B3 /* QuartzCore.framework */; };
		AFEF242215419102009933B3 /* SystemConfiguration.framework in Frameworks */ = {isa = PBXBuildFile; fileRef = AFEF242115419102009933B3 /* SystemConfiguration.framework */; };
		AFEF242415419102009933B3 /* MobileCoreServices.framework in Frameworks */ = {isa = PBXBuildFile; fileRef = AFEF242315419102009933B3 /* MobileCoreServices.framework */; };
		AFEF242615419102009933B3 /* CoreMedia.framework in Frameworks */ = {isa = PBXBuildFile; fileRef = AFEF242515419102009933B3 /* CoreMedia.framework */; };
		AFEF242C15419102009933B3 /* InfoPlist.strings in Resources */ = {isa = PBXBuildFile; fileRef = AFEF242A15419102009933B3 /* InfoPlist.strings */; };
		AFEF242E15419102009933B3 /* main.m in Sources */ = {isa = PBXBuildFile; fileRef = AFEF242D15419102009933B3 /* main.m */; };
		AFEF243115419102009933B3 /* Cordova.framework in Frameworks */ = {isa = PBXBuildFile; fileRef = AFEF243015419102009933B3 /* Cordova.framework */; };
		AFEF243615419102009933B3 /* Localizable.strings in Resources */ = {isa = PBXBuildFile; fileRef = AFEF243415419102009933B3 /* Localizable.strings */; };
		AFEF243A15419102009933B3 /* Localizable.strings in Resources */ = {isa = PBXBuildFile; fileRef = AFEF243815419102009933B3 /* Localizable.strings */; };
		AFEF243E15419103009933B3 /* Localizable.strings in Resources */ = {isa = PBXBuildFile; fileRef = AFEF243C15419103009933B3 /* Localizable.strings */; };
		AFEF244215419103009933B3 /* Localizable.strings in Resources */ = {isa = PBXBuildFile; fileRef = AFEF244015419103009933B3 /* Localizable.strings */; };
		AFEF244515419103009933B3 /* icon.png in Resources */ = {isa = PBXBuildFile; fileRef = AFEF244415419103009933B3 /* icon.png */; };
		AFEF244715419103009933B3 /* icon@2x.png in Resources */ = {isa = PBXBuildFile; fileRef = AFEF244615419103009933B3 /* icon@2x.png */; };
		AFEF244915419103009933B3 /* icon-72.png in Resources */ = {isa = PBXBuildFile; fileRef = AFEF244815419103009933B3 /* icon-72.png */; };
		AFEF244C15419103009933B3 /* Default.png in Resources */ = {isa = PBXBuildFile; fileRef = AFEF244B15419103009933B3 /* Default.png */; };
		AFEF244E15419103009933B3 /* Default@2x.png in Resources */ = {isa = PBXBuildFile; fileRef = AFEF244D15419103009933B3 /* Default@2x.png */; };
		AFEF245015419103009933B3 /* Capture.bundle in Resources */ = {isa = PBXBuildFile; fileRef = AFEF244F15419103009933B3 /* Capture.bundle */; };
		AFEF245215419103009933B3 /* Cordova.plist in Resources */ = {isa = PBXBuildFile; fileRef = AFEF245115419103009933B3 /* Cordova.plist */; };
		AFEF245615419103009933B3 /* AppDelegate.m in Sources */ = {isa = PBXBuildFile; fileRef = AFEF245515419103009933B3 /* AppDelegate.m */; };
		AFEF245915419103009933B3 /* MainViewController.m in Sources */ = {isa = PBXBuildFile; fileRef = AFEF245815419103009933B3 /* MainViewController.m */; };
		AFEF245B15419103009933B3 /* MainViewController.xib in Resources */ = {isa = PBXBuildFile; fileRef = AFEF245A15419103009933B3 /* MainViewController.xib */; };
		AFEF245F15419103009933B3 /* verify.sh in Resources */ = {isa = PBXBuildFile; fileRef = AFEF245E15419103009933B3 /* verify.sh */; };
/* End PBXBuildFile section */

/* Begin PBXFileReference section */
		AF1CF4CD1544577900681CAA /* Default.png */ = {isa = PBXFileReference; lastKnownFileType = image.png; path = Default.png; sourceTree = "<group>"; };
		AF1CF4CE1544577900681CAA /* Default@2x.png */ = {isa = PBXFileReference; lastKnownFileType = image.png; path = "Default@2x.png"; sourceTree = "<group>"; };
		AFA13C9E154437C6009B485F /* www */ = {isa = PBXFileReference; lastKnownFileType = folder; name = www; path = ../Android_iParade/assets/www; sourceTree = "<group>"; };
		AFA13CA115443B33009B485F /* Default-Landscape~ipad.png */ = {isa = PBXFileReference; lastKnownFileType = image.png; path = "Default-Landscape~ipad.png"; sourceTree = "<group>"; };
		AFA13CA315443D86009B485F /* Default-Portrait~ipad.png */ = {isa = PBXFileReference; lastKnownFileType = image.png; path = "Default-Portrait~ipad.png"; sourceTree = "<group>"; };
		AFA13CA515444037009B485F /* icon@2x~ipad.png */ = {isa = PBXFileReference; lastKnownFileType = image.png; path = "icon@2x~ipad.png"; sourceTree = "<group>"; };
		AFA13CA7154442A7009B485F /* Default-Landscape@2x~ipad.png */ = {isa = PBXFileReference; lastKnownFileType = image.png; path = "Default-Landscape@2x~ipad.png"; sourceTree = "<group>"; };
		AFA13CA9154442E3009B485F /* Default-Portrait@2x~ipad.png */ = {isa = PBXFileReference; lastKnownFileType = image.png; path = "Default-Portrait@2x~ipad.png"; sourceTree = "<group>"; };
		AFA13CAB154446D2009B485F /* icon-72.png */ = {isa = PBXFileReference; lastKnownFileType = image.png; path = "icon-72.png"; sourceTree = "<group>"; };
		AFA13CAD15444700009B485F /* icon.png */ = {isa = PBXFileReference; lastKnownFileType = image.png; path = icon.png; sourceTree = "<group>"; };
		AFA13CAF1544470A009B485F /* icon@2x.png */ = {isa = PBXFileReference; lastKnownFileType = image.png; path = "icon@2x.png"; sourceTree = "<group>"; };
		AFEF240915419102009933B3 /* iosParade.app */ = {isa = PBXFileReference; explicitFileType = wrapper.application; includeInIndex = 0; path = iosParade.app; sourceTree = BUILT_PRODUCTS_DIR; };
		AFEF240D15419102009933B3 /* Foundation.framework */ = {isa = PBXFileReference; lastKnownFileType = wrapper.framework; name = Foundation.framework; path = System/Library/Frameworks/Foundation.framework; sourceTree = SDKROOT; };
		AFEF240F15419102009933B3 /* UIKit.framework */ = {isa = PBXFileReference; lastKnownFileType = wrapper.framework; name = UIKit.framework; path = System/Library/Frameworks/UIKit.framework; sourceTree = SDKROOT; };
		AFEF241115419102009933B3 /* CoreGraphics.framework */ = {isa = PBXFileReference; lastKnownFileType = wrapper.framework; name = CoreGraphics.framework; path = System/Library/Frameworks/CoreGraphics.framework; sourceTree = SDKROOT; };
		AFEF241315419102009933B3 /* AddressBook.framework */ = {isa = PBXFileReference; lastKnownFileType = wrapper.framework; name = AddressBook.framework; path = System/Library/Frameworks/AddressBook.framework; sourceTree = SDKROOT; };
		AFEF241515419102009933B3 /* AddressBookUI.framework */ = {isa = PBXFileReference; lastKnownFileType = wrapper.framework; name = AddressBookUI.framework; path = System/Library/Frameworks/AddressBookUI.framework; sourceTree = SDKROOT; };
		AFEF241715419102009933B3 /* AudioToolbox.framework */ = {isa = PBXFileReference; lastKnownFileType = wrapper.framework; name = AudioToolbox.framework; path = System/Library/Frameworks/AudioToolbox.framework; sourceTree = SDKROOT; };
		AFEF241915419102009933B3 /* AVFoundation.framework */ = {isa = PBXFileReference; lastKnownFileType = wrapper.framework; name = AVFoundation.framework; path = System/Library/Frameworks/AVFoundation.framework; sourceTree = SDKROOT; };
		AFEF241B15419102009933B3 /* CoreLocation.framework */ = {isa = PBXFileReference; lastKnownFileType = wrapper.framework; name = CoreLocation.framework; path = System/Library/Frameworks/CoreLocation.framework; sourceTree = SDKROOT; };
		AFEF241D15419102009933B3 /* MediaPlayer.framework */ = {isa = PBXFileReference; lastKnownFileType = wrapper.framework; name = MediaPlayer.framework; path = System/Library/Frameworks/MediaPlayer.framework; sourceTree = SDKROOT; };
		AFEF241F15419102009933B3 /* QuartzCore.framework */ = {isa = PBXFileReference; lastKnownFileType = wrapper.framework; name = QuartzCore.framework; path = System/Library/Frameworks/QuartzCore.framework; sourceTree = SDKROOT; };
		AFEF242115419102009933B3 /* SystemConfiguration.framework */ = {isa = PBXFileReference; lastKnownFileType = wrapper.framework; name = SystemConfiguration.framework; path = System/Library/Frameworks/SystemConfiguration.framework; sourceTree = SDKROOT; };
		AFEF242315419102009933B3 /* MobileCoreServices.framework */ = {isa = PBXFileReference; lastKnownFileType = wrapper.framework; name = MobileCoreServices.framework; path = System/Library/Frameworks/MobileCoreServices.framework; sourceTree = SDKROOT; };
		AFEF242515419102009933B3 /* CoreMedia.framework */ = {isa = PBXFileReference; lastKnownFileType = wrapper.framework; name = CoreMedia.framework; path = System/Library/Frameworks/CoreMedia.framework; sourceTree = SDKROOT; };
		AFEF242915419102009933B3 /* iosParade-Info.plist */ = {isa = PBXFileReference; lastKnownFileType = text.plist.xml; path = "iosParade-Info.plist"; sourceTree = "<group>"; };
		AFEF242B15419102009933B3 /* en */ = {isa = PBXFileReference; lastKnownFileType = text.plist.strings; name = en; path = en.lproj/InfoPlist.strings; sourceTree = "<group>"; };
		AFEF242D15419102009933B3 /* main.m */ = {isa = PBXFileReference; lastKnownFileType = sourcecode.c.objc; path = main.m; sourceTree = "<group>"; };
		AFEF242F15419102009933B3 /* iosParade-Prefix.pch */ = {isa = PBXFileReference; lastKnownFileType = sourcecode.c.h; path = "iosParade-Prefix.pch"; sourceTree = "<group>"; };
		AFEF243015419102009933B3 /* Cordova.framework */ = {isa = PBXFileReference; lastKnownFileType = wrapper.framework; name = Cordova.framework; path = /Users/Shared/Cordova/Frameworks/Cordova.framework; sourceTree = "<absolute>"; };
		AFEF243515419102009933B3 /* en */ = {isa = PBXFileReference; lastKnownFileType = text.plist.strings; name = en; path = Resources/en.lproj/Localizable.strings; sourceTree = "<group>"; };
		AFEF243915419102009933B3 /* es */ = {isa = PBXFileReference; lastKnownFileType = text.plist.strings; name = es; path = Resources/es.lproj/Localizable.strings; sourceTree = "<group>"; };
		AFEF243D15419103009933B3 /* de */ = {isa = PBXFileReference; lastKnownFileType = text.plist.strings; name = de; path = Resources/de.lproj/Localizable.strings; sourceTree = "<group>"; };
		AFEF244115419103009933B3 /* se */ = {isa = PBXFileReference; lastKnownFileType = text.plist.strings; name = se; path = Resources/se.lproj/Localizable.strings; sourceTree = "<group>"; };
		AFEF244415419103009933B3 /* icon.png */ = {isa = PBXFileReference; lastKnownFileType = image.png; name = icon.png; path = Resources/icons/icon.png; sourceTree = "<group>"; };
		AFEF244615419103009933B3 /* icon@2x.png */ = {isa = PBXFileReference; lastKnownFileType = image.png; name = "icon@2x.png"; path = "Resources/icons/icon@2x.png"; sourceTree = "<group>"; };
		AFEF244815419103009933B3 /* icon-72.png */ = {isa = PBXFileReference; lastKnownFileType = image.png; name = "icon-72.png"; path = "Resources/icons/icon-72.png"; sourceTree = "<group>"; };
		AFEF244B15419103009933B3 /* Default.png */ = {isa = PBXFileReference; lastKnownFileType = image.png; name = Default.png; path = Resources/splash/Default.png; sourceTree = "<group>"; };
		AFEF244D15419103009933B3 /* Default@2x.png */ = {isa = PBXFileReference; lastKnownFileType = image.png; name = "Default@2x.png"; path = "Resources/splash/Default@2x.png"; sourceTree = "<group>"; };
		AFEF244F15419103009933B3 /* Capture.bundle */ = {isa = PBXFileReference; lastKnownFileType = "wrapper.plug-in"; name = Capture.bundle; path = Resources/Capture.bundle; sourceTree = "<group>"; };
		AFEF245115419103009933B3 /* Cordova.plist */ = {isa = PBXFileReference; lastKnownFileType = text.plist.xml; path = Cordova.plist; sourceTree = "<group>"; };
		AFEF245415419103009933B3 /* AppDelegate.h */ = {isa = PBXFileReference; lastKnownFileType = sourcecode.c.h; name = AppDelegate.h; path = Classes/AppDelegate.h; sourceTree = "<group>"; };
		AFEF245515419103009933B3 /* AppDelegate.m */ = {isa = PBXFileReference; lastKnownFileType = sourcecode.c.objc; name = AppDelegate.m; path = Classes/AppDelegate.m; sourceTree = "<group>"; };
		AFEF245715419103009933B3 /* MainViewController.h */ = {isa = PBXFileReference; lastKnownFileType = sourcecode.c.h; name = MainViewController.h; path = Classes/MainViewController.h; sourceTree = "<group>"; };
		AFEF245815419103009933B3 /* MainViewController.m */ = {isa = PBXFileReference; lastKnownFileType = sourcecode.c.objc; name = MainViewController.m; path = Classes/MainViewController.m; sourceTree = "<group>"; };
		AFEF245A15419103009933B3 /* MainViewController.xib */ = {isa = PBXFileReference; lastKnownFileType = file.xib; name = MainViewController.xib; path = Classes/MainViewController.xib; sourceTree = "<group>"; };
		AFEF245D15419103009933B3 /* README */ = {isa = PBXFileReference; lastKnownFileType = text; name = README; path = Plugins/README; sourceTree = "<group>"; };
		AFEF245E15419103009933B3 /* verify.sh */ = {isa = PBXFileReference; lastKnownFileType = text.script.sh; path = verify.sh; sourceTree = "<group>"; };
/* End PBXFileReference section */

/* Begin PBXFrameworksBuildPhase section */
		AFEF240315419102009933B3 /* Frameworks */ = {
			isa = PBXFrameworksBuildPhase;
			buildActionMask = 2147483647;
			files = (
				AFEF240E15419102009933B3 /* Foundation.framework in Frameworks */,
				AFEF241015419102009933B3 /* UIKit.framework in Frameworks */,
				AFEF241215419102009933B3 /* CoreGraphics.framework in Frameworks */,
				AFEF241415419102009933B3 /* AddressBook.framework in Frameworks */,
				AFEF241615419102009933B3 /* AddressBookUI.framework in Frameworks */,
				AFEF241815419102009933B3 /* AudioToolbox.framework in Frameworks */,
				AFEF241A15419102009933B3 /* AVFoundation.framework in Frameworks */,
				AFEF241C15419102009933B3 /* CoreLocation.framework in Frameworks */,
				AFEF241E15419102009933B3 /* MediaPlayer.framework in Frameworks */,
				AFEF242015419102009933B3 /* QuartzCore.framework in Frameworks */,
				AFEF242215419102009933B3 /* SystemConfiguration.framework in Frameworks */,
				AFEF242415419102009933B3 /* MobileCoreServices.framework in Frameworks */,
				AFEF242615419102009933B3 /* CoreMedia.framework in Frameworks */,
				AFEF243115419102009933B3 /* Cordova.framework in Frameworks */,
			);
			runOnlyForDeploymentPostprocessing = 0;
		};
		AFEF240615419102009933B3 /* Frameworks */ = {
			isa = PBXFrameworksBuildPhase;
			buildActionMask = 2147483647;
			files = (
			);
			runOnlyForDeploymentPostprocessing = 0;
		};
/* End PBXFrameworksBuildPhase section */

/* Begin PBXGroup section */
		AFEF23FB154190FF009933B3 = {
			isa = PBXGroup;
			children = (
				AF1CF4CD1544577900681CAA /* Default.png */,
				AF1CF4CE1544577900681CAA /* Default@2x.png */,
				AFA13CAF1544470A009B485F /* icon@2x.png */,
				AFA13CAD15444700009B485F /* icon.png */,
				AFA13CAB154446D2009B485F /* icon-72.png */,
				AFA13CA9154442E3009B485F /* Default-Portrait@2x~ipad.png */,
				AFA13CA7154442A7009B485F /* Default-Landscape@2x~ipad.png */,
				AFA13CA515444037009B485F /* icon@2x~ipad.png */,
				AFA13CA315443D86009B485F /* Default-Portrait~ipad.png */,
				AFA13CA115443B33009B485F /* Default-Landscape~ipad.png */,
				AFA13C9E154437C6009B485F /* www */,
				AFEF242715419102009933B3 /* iosParade */,
				AFEF240C15419102009933B3 /* Frameworks */,
				AFEF240A15419102009933B3 /* Products */,
			);
			sourceTree = "<group>";
		};
		AFEF240A15419102009933B3 /* Products */ = {
			isa = PBXGroup;
			children = (
				AFEF240915419102009933B3 /* iosParade.app */,
			);
			name = Products;
			sourceTree = "<group>";
		};
		AFEF240C15419102009933B3 /* Frameworks */ = {
			isa = PBXGroup;
			children = (
				AFEF240D15419102009933B3 /* Foundation.framework */,
				AFEF240F15419102009933B3 /* UIKit.framework */,
				AFEF241115419102009933B3 /* CoreGraphics.framework */,
				AFEF241315419102009933B3 /* AddressBook.framework */,
				AFEF241515419102009933B3 /* AddressBookUI.framework */,
				AFEF241715419102009933B3 /* AudioToolbox.framework */,
				AFEF241915419102009933B3 /* AVFoundation.framework */,
				AFEF241B15419102009933B3 /* CoreLocation.framework */,
				AFEF241D15419102009933B3 /* MediaPlayer.framework */,
				AFEF241F15419102009933B3 /* QuartzCore.framework */,
				AFEF242115419102009933B3 /* SystemConfiguration.framework */,
				AFEF242315419102009933B3 /* MobileCoreServices.framework */,
				AFEF242515419102009933B3 /* CoreMedia.framework */,
			);
			name = Frameworks;
			sourceTree = "<group>";
		};
		AFEF242715419102009933B3 /* iosParade */ = {
			isa = PBXGroup;
			children = (
				AFEF243015419102009933B3 /* Cordova.framework */,
				AFEF243215419102009933B3 /* Resources */,
				AFEF245315419103009933B3 /* Classes */,
				AFEF245C15419103009933B3 /* Plugins */,
				AFEF242815419102009933B3 /* Supporting Files */,
			);
			path = iosParade;
			sourceTree = "<group>";
		};
		AFEF242815419102009933B3 /* Supporting Files */ = {
			isa = PBXGroup;
			children = (
				AFEF242915419102009933B3 /* iosParade-Info.plist */,
				AFEF242A15419102009933B3 /* InfoPlist.strings */,
				AFEF242D15419102009933B3 /* main.m */,
				AFEF242F15419102009933B3 /* iosParade-Prefix.pch */,
				AFEF245115419103009933B3 /* Cordova.plist */,
				AFEF245A15419103009933B3 /* MainViewController.xib */,
				AFEF245E15419103009933B3 /* verify.sh */,
			);
			name = "Supporting Files";
			sourceTree = "<group>";
		};
		AFEF243215419102009933B3 /* Resources */ = {
			isa = PBXGroup;
			children = (
				AFEF244F15419103009933B3 /* Capture.bundle */,
				AFEF243315419102009933B3 /* en.lproj */,
				AFEF243715419102009933B3 /* es.lproj */,
				AFEF243B15419103009933B3 /* de.lproj */,
				AFEF243F15419103009933B3 /* se.lproj */,
				AFEF244315419103009933B3 /* icons */,
				AFEF244A15419103009933B3 /* splash */,
			);
			name = Resources;
			sourceTree = "<group>";
		};
		AFEF243315419102009933B3 /* en.lproj */ = {
			isa = PBXGroup;
			children = (
				AFEF243415419102009933B3 /* Localizable.strings */,
			);
			name = en.lproj;
			sourceTree = "<group>";
		};
		AFEF243715419102009933B3 /* es.lproj */ = {
			isa = PBXGroup;
			children = (
				AFEF243815419102009933B3 /* Localizable.strings */,
			);
			name = es.lproj;
			sourceTree = "<group>";
		};
		AFEF243B15419103009933B3 /* de.lproj */ = {
			isa = PBXGroup;
			children = (
				AFEF243C15419103009933B3 /* Localizable.strings */,
			);
			name = de.lproj;
			sourceTree = "<group>";
		};
		AFEF243F15419103009933B3 /* se.lproj */ = {
			isa = PBXGroup;
			children = (
				AFEF244015419103009933B3 /* Localizable.strings */,
			);
			name = se.lproj;
			sourceTree = "<group>";
		};
		AFEF244315419103009933B3 /* icons */ = {
			isa = PBXGroup;
			children = (
				AFEF244415419103009933B3 /* icon.png */,
				AFEF244615419103009933B3 /* icon@2x.png */,
				AFEF244815419103009933B3 /* icon-72.png */,
			);
			name = icons;
			sourceTree = "<group>";
		};
		AFEF244A15419103009933B3 /* splash */ = {
			isa = PBXGroup;
			children = (
				AFEF244B15419103009933B3 /* Default.png */,
				AFEF244D15419103009933B3 /* Default@2x.png */,
			);
			name = splash;
			sourceTree = "<group>";
		};
		AFEF245315419103009933B3 /* Classes */ = {
			isa = PBXGroup;
			children = (
				AFEF245415419103009933B3 /* AppDelegate.h */,
				AFEF245515419103009933B3 /* AppDelegate.m */,
				AFEF245715419103009933B3 /* MainViewController.h */,
				AFEF245815419103009933B3 /* MainViewController.m */,
			);
			name = Classes;
			sourceTree = "<group>";
		};
		AFEF245C15419103009933B3 /* Plugins */ = {
			isa = PBXGroup;
			children = (
				AFEF245D15419103009933B3 /* README */,
			);
			name = Plugins;
			sourceTree = "<group>";
		};
/* End PBXGroup section */

/* Begin PBXNativeTarget section */
		AFEF240815419102009933B3 /* iosParade */ = {
			isa = PBXNativeTarget;
			buildConfigurationList = AFEF246215419104009933B3 /* Build configuration list for PBXNativeTarget "iosParade" */;
			buildPhases = (
				AFEF240215419102009933B3 /* Sources */,
				AFEF240315419102009933B3 /* Frameworks */,
				AFEF240415419102009933B3 /* Resources */,
				AFEF240515419102009933B3 /* Sources */,
				AFEF240615419102009933B3 /* Frameworks */,
				AFEF240715419102009933B3 /* ShellScript */,
			);
			buildRules = (
			);
			dependencies = (
			);
			name = iosParade;
			productName = iosParade;
			productReference = AFEF240915419102009933B3 /* iosParade.app */;
			productType = "com.apple.product-type.application";
		};
/* End PBXNativeTarget section */

/* Begin PBXProject section */
		AFEF23FD154190FF009933B3 /* Project object */ = {
			isa = PBXProject;
			attributes = {
				LastUpgradeCheck = 0430;
			};
			buildConfigurationList = AFEF2400154190FF009933B3 /* Build configuration list for PBXProject "iosParade" */;
			compatibilityVersion = "Xcode 3.2";
			developmentRegion = English;
			hasScannedForEncodings = 0;
			knownRegions = (
				en,
				es,
				de,
				se,
			);
			mainGroup = AFEF23FB154190FF009933B3;
			productRefGroup = AFEF240A15419102009933B3 /* Products */;
			projectDirPath = "";
			projectRoot = "";
			targets = (
				AFEF240815419102009933B3 /* iosParade */,
			);
		};
/* End PBXProject section */

/* Begin PBXResourcesBuildPhase section */
		AFEF240415419102009933B3 /* Resources */ = {
			isa = PBXResourcesBuildPhase;
			buildActionMask = 2147483647;
			files = (
				AFEF242C15419102009933B3 /* InfoPlist.strings in Resources */,
				AFEF243615419102009933B3 /* Localizable.strings in Resources */,
				AFEF243A15419102009933B3 /* Localizable.strings in Resources */,
				AFEF243E15419103009933B3 /* Localizable.strings in Resources */,
				AFEF244215419103009933B3 /* Localizable.strings in Resources */,
				AFEF244515419103009933B3 /* icon.png in Resources */,
				AFEF244715419103009933B3 /* icon@2x.png in Resources */,
				AFEF244915419103009933B3 /* icon-72.png in Resources */,
				AFEF244C15419103009933B3 /* Default.png in Resources */,
				AFEF244E15419103009933B3 /* Default@2x.png in Resources */,
				AFEF245015419103009933B3 /* Capture.bundle in Resources */,
				AFEF245215419103009933B3 /* Cordova.plist in Resources */,
				AFEF245B15419103009933B3 /* MainViewController.xib in Resources */,
				AFEF245F15419103009933B3 /* verify.sh in Resources */,
				AFA13C9F154437C6009B485F /* www in Resources */,
				AFA13CA215443B33009B485F /* Default-Landscape~ipad.png in Resources */,
				AFA13CA415443D86009B485F /* Default-Portrait~ipad.png in Resources */,
				AFA13CA615444037009B485F /* icon@2x~ipad.png in Resources */,
				AFA13CA8154442A7009B485F /* Default-Landscape@2x~ipad.png in Resources */,
				AFA13CAA154442E3009B485F /* Default-Portrait@2x~ipad.png in Resources */,
				AFA13CAC154446D2009B485F /* icon-72.png in Resources */,
				AFA13CAE15444700009B485F /* icon.png in Resources */,
				AFA13CB01544470A009B485F /* icon@2x.png in Resources */,
				AF1CF4CF1544577900681CAA /* Default.png in Resources */,
				AF1CF4D01544577900681CAA /* Default@2x.png in Resources */,
			);
			runOnlyForDeploymentPostprocessing = 0;
		};
/* End PBXResourcesBuildPhase section */

/* Begin PBXShellScriptBuildPhase section */
		AFEF240715419102009933B3 /* ShellScript */ = {
			isa = PBXShellScriptBuildPhase;
			buildActionMask = 2147483647;
			files = (
			);
			inputPaths = (
			);
			outputPaths = (
			);
			runOnlyForDeploymentPostprocessing = 0;
			shellPath = /bin/bash;
			shellScript = "\n\t\t\t\t\t\t\t\tchmod 755 \"$PROJECT_DIR/$PROJECT_NAME/verify.sh\"\n\t\t\t\t\t\t\t\t\"$PROJECT_DIR/$PROJECT_NAME/verify.sh\"\n\t\t\t\t\t";
		};
/* End PBXShellScriptBuildPhase section */

/* Begin PBXSourcesBuildPhase section */
		AFEF240215419102009933B3 /* Sources */ = {
			isa = PBXSourcesBuildPhase;
			buildActionMask = 2147483647;
			files = (
				AFEF242E15419102009933B3 /* main.m in Sources */,
				AFEF245615419103009933B3 /* AppDelegate.m in Sources */,
				AFEF245915419103009933B3 /* MainViewController.m in Sources */,
			);
			runOnlyForDeploymentPostprocessing = 0;
		};
		AFEF240515419102009933B3 /* Sources */ = {
			isa = PBXSourcesBuildPhase;
			buildActionMask = 2147483647;
			files = (
			);
			runOnlyForDeploymentPostprocessing = 0;
		};
/* End PBXSourcesBuildPhase section */

/* Begin PBXVariantGroup section */
		AFEF242A15419102009933B3 /* InfoPlist.strings */ = {
			isa = PBXVariantGroup;
			children = (
				AFEF242B15419102009933B3 /* en */,
			);
			name = InfoPlist.strings;
			sourceTree = "<group>";
		};
		AFEF243415419102009933B3 /* Localizable.strings */ = {
			isa = PBXVariantGroup;
			children = (
				AFEF243515419102009933B3 /* en */,
			);
			name = Localizable.strings;
			sourceTree = "<group>";
		};
		AFEF243815419102009933B3 /* Localizable.strings */ = {
			isa = PBXVariantGroup;
			children = (
				AFEF243915419102009933B3 /* es */,
			);
			name = Localizable.strings;
			sourceTree = "<group>";
		};
		AFEF243C15419103009933B3 /* Localizable.strings */ = {
			isa = PBXVariantGroup;
			children = (
				AFEF243D15419103009933B3 /* de */,
			);
			name = Localizable.strings;
			sourceTree = "<group>";
		};
		AFEF244015419103009933B3 /* Localizable.strings */ = {
			isa = PBXVariantGroup;
			children = (
				AFEF244115419103009933B3 /* se */,
			);
			name = Localizable.strings;
			sourceTree = "<group>";
		};
/* End PBXVariantGroup section */

/* Begin XCBuildConfiguration section */
		AF8741C8154CFD8B00C7C5E6 /* AppStore */ = {
			isa = XCBuildConfiguration;
			buildSettings = {
				ALWAYS_SEARCH_USER_PATHS = NO;
				ARCHS = (
					armv6,
					"$(ARCHS_STANDARD_32_BIT)",
				);
				CODE_SIGN_IDENTITY = "";
				"CODE_SIGN_IDENTITY[sdk=iphoneos*]" = "iPhone Distribution: Kyle Lapidus";
				COPY_PHASE_STRIP = YES;
				GCC_C_LANGUAGE_STANDARD = gnu99;
				GCC_VERSION = com.apple.compilers.llvm.clang.1_0;
				GCC_WARN_ABOUT_RETURN_TYPE = YES;
				GCC_WARN_UNINITIALIZED_AUTOS = YES;
				GCC_WARN_UNUSED_VARIABLE = YES;
				IPHONEOS_DEPLOYMENT_TARGET = 3.0;
				"PROVISIONING_PROFILE[sdk=iphoneos*]" = "2DBD4C35-BA11-49F8-B8CE-075C329277D9";
				SDKROOT = iphoneos;
				VALIDATE_PRODUCT = YES;
			};
			name = AppStore;
		};
		AF8741C9154CFD8B00C7C5E6 /* AppStore */ = {
			isa = XCBuildConfiguration;
			buildSettings = {
				ALWAYS_SEARCH_USER_PATHS = YES;
				"CODE_SIGN_IDENTITY[sdk=iphoneos*]" = "iPhone Distribution: Kyle Lapidus";
				COPY_PHASE_STRIP = YES;
				DEBUG_INFORMATION_FORMAT = "dwarf-with-dsym";
				FRAMEWORK_SEARCH_PATHS = /Users/Shared/Cordova/Frameworks;
				GCC_PRECOMPILE_PREFIX_HEADER = YES;
				GCC_PREFIX_HEADER = "iosParade/iosParade-Prefix.pch";
				GCC_PREPROCESSOR_DEFINITIONS = (
					"NDEBUG=1,",
					"CORDOVA_FRAMEWORK=1",
				);
				INFOPLIST_FILE = "iosParade/iosParade-Info.plist";
				OTHER_LDFLAGS = (
					"-weak_framework",
					UIKit,
					"-weak_framework",
					AVFoundation,
					"-weak_framework",
					CoreMedia,
					"-weak_library",
					/usr/lib/libSystem.B.dylib,
				);
				PRODUCT_NAME = "$(TARGET_NAME)";
				"PROVISIONING_PROFILE[sdk=iphoneos*]" = "852232B1-6FAE-4D73-94C3-3C53B585DD1B";
				TARGETED_DEVICE_FAMILY = "1,2";
				WRAPPER_EXTENSION = app;
			};
			name = AppStore;
		};
		AFEF246015419103009933B3 /* Debug */ = {
			isa = XCBuildConfiguration;
			buildSettings = {
				ALWAYS_SEARCH_USER_PATHS = NO;
				ARCHS = (
					armv6,
					"$(ARCHS_STANDARD_32_BIT)",
				);
				"CODE_SIGN_IDENTITY[sdk=iphoneos*]" = "iPhone Developer";
				COPY_PHASE_STRIP = NO;
				GCC_C_LANGUAGE_STANDARD = gnu99;
				GCC_DYNAMIC_NO_PIC = NO;
				GCC_OPTIMIZATION_LEVEL = 0;
				GCC_PREPROCESSOR_DEFINITIONS = (
					"DEBUG=1",
					"$(inherited)",
				);
				GCC_SYMBOLS_PRIVATE_EXTERN = NO;
				GCC_VERSION = com.apple.compilers.llvm.clang.1_0;
				GCC_WARN_ABOUT_RETURN_TYPE = YES;
				GCC_WARN_UNINITIALIZED_AUTOS = YES;
				GCC_WARN_UNUSED_VARIABLE = YES;
				IPHONEOS_DEPLOYMENT_TARGET = 3.0;
				"PROVISIONING_PROFILE[sdk=iphoneos*]" = "";
				SDKROOT = iphoneos;
			};
			name = Debug;
		};
		AFEF246115419104009933B3 /* Release */ = {
			isa = XCBuildConfiguration;
			buildSettings = {
				ALWAYS_SEARCH_USER_PATHS = NO;
				ARCHS = (
					armv6,
					"$(ARCHS_STANDARD_32_BIT)",
				);
				"CODE_SIGN_IDENTITY[sdk=iphoneos*]" = "iPhone Developer";
				COPY_PHASE_STRIP = YES;
				GCC_C_LANGUAGE_STANDARD = gnu99;
				GCC_VERSION = com.apple.compilers.llvm.clang.1_0;
				GCC_WARN_ABOUT_RETURN_TYPE = YES;
				GCC_WARN_UNINITIALIZED_AUTOS = YES;
				GCC_WARN_UNUSED_VARIABLE = YES;
				IPHONEOS_DEPLOYMENT_TARGET = 3.0;
				SDKROOT = iphoneos;
				VALIDATE_PRODUCT = YES;
			};
			name = Release;
		};
		AFEF246315419104009933B3 /* Debug */ = {
			isa = XCBuildConfiguration;
			buildSettings = {
				ALWAYS_SEARCH_USER_PATHS = YES;
				COPY_PHASE_STRIP = NO;
				FRAMEWORK_SEARCH_PATHS = /Users/Shared/Cordova/Frameworks;
				GCC_DYNAMIC_NO_PIC = NO;
				GCC_PRECOMPILE_PREFIX_HEADER = YES;
				GCC_PREFIX_HEADER = "iosParade/iosParade-Prefix.pch";
				GCC_PREPROCESSOR_DEFINITIONS = (
					"DEBUG=1,",
					"CORDOVA_FRAMEWORK=1",
				);
				INFOPLIST_FILE = "iosParade/iosParade-Info.plist";
				OTHER_LDFLAGS = (
					"-weak_framework",
					UIKit,
					"-weak_framework",
					AVFoundation,
					"-weak_framework",
					CoreMedia,
					"-weak_library",
					/usr/lib/libSystem.B.dylib,
				);
				PRODUCT_NAME = "$(TARGET_NAME)";
				TARGETED_DEVICE_FAMILY = "1,2";
				WRAPPER_EXTENSION = app;
			};
			name = Debug;
		};
		AFEF246415419104009933B3 /* Release */ = {
			isa = XCBuildConfiguration;
			buildSettings = {
				ALWAYS_SEARCH_USER_PATHS = YES;
				COPY_PHASE_STRIP = YES;
				DEBUG_INFORMATION_FORMAT = "dwarf-with-dsym";
				FRAMEWORK_SEARCH_PATHS = /Users/Shared/Cordova/Frameworks;
				GCC_PRECOMPILE_PREFIX_HEADER = YES;
				GCC_PREFIX_HEADER = "iosParade/iosParade-Prefix.pch";
				GCC_PREPROCESSOR_DEFINITIONS = (
					"NDEBUG=1,",
					"CORDOVA_FRAMEWORK=1",
				);
				INFOPLIST_FILE = "iosParade/iosParade-Info.plist";
				OTHER_LDFLAGS = (
					"-weak_framework",
					UIKit,
					"-weak_framework",
					AVFoundation,
					"-weak_framework",
					CoreMedia,
					"-weak_library",
					/usr/lib/libSystem.B.dylib,
				);
				PRODUCT_NAME = "$(TARGET_NAME)";
				TARGETED_DEVICE_FAMILY = "1,2";
				WRAPPER_EXTENSION = app;
			};
			name = Release;
		};
/* End XCBuildConfiguration section */

/* Begin XCConfigurationList section */
		AFEF2400154190FF009933B3 /* Build configuration list for PBXProject "iosParade" */ = {
			isa = XCConfigurationList;
			buildConfigurations = (
				AFEF246015419103009933B3 /* Debug */,
				AFEF246115419104009933B3 /* Release */,
				AF8741C8154CFD8B00C7C5E6 /* AppStore */,
			);
			defaultConfigurationIsVisible = 0;
			defaultConfigurationName = Release;
		};
		AFEF246215419104009933B3 /* Build configuration list for PBXNativeTarget "iosParade" */ = {
			isa = XCConfigurationList;
			buildConfigurations = (
				AFEF246315419104009933B3 /* Debug */,
				AFEF246415419104009933B3 /* Release */,
				AF8741C9154CFD8B00C7C5E6 /* AppStore */,
			);
			defaultConfigurationIsVisible = 0;
			defaultConfigurationName = Release;
		};
/* End XCConfigurationList section */
	};
	rootObject = AFEF23FD154190FF009933B3 /* Project object */;
}
