// !$*UTF8*$!
{
	archiveVersion = 1;
	classes = {
	};
	objectVersion = 46;
	objects = {

/* Begin PBXBuildFile section */
		AFFC22921528E2DA0013FBAC /* Foundation.framework in Frameworks */ = {isa = PBXBuildFile; fileRef = AFFC22911528E2DA0013FBAC /* Foundation.framework */; };
		AFFC22941528E2DA0013FBAC /* UIKit.framework in Frameworks */ = {isa = PBXBuildFile; fileRef = AFFC22931528E2DA0013FBAC /* UIKit.framework */; };
		AFFC22961528E2DA0013FBAC /* CoreGraphics.framework in Frameworks */ = {isa = PBXBuildFile; fileRef = AFFC22951528E2DA0013FBAC /* CoreGraphics.framework */; };
		AFFC22981528E2DA0013FBAC /* AddressBook.framework in Frameworks */ = {isa = PBXBuildFile; fileRef = AFFC22971528E2DA0013FBAC /* AddressBook.framework */; };
		AFFC229A1528E2DA0013FBAC /* AddressBookUI.framework in Frameworks */ = {isa = PBXBuildFile; fileRef = AFFC22991528E2DA0013FBAC /* AddressBookUI.framework */; };
		AFFC229C1528E2DA0013FBAC /* AudioToolbox.framework in Frameworks */ = {isa = PBXBuildFile; fileRef = AFFC229B1528E2DA0013FBAC /* AudioToolbox.framework */; };
		AFFC229E1528E2DA0013FBAC /* AVFoundation.framework in Frameworks */ = {isa = PBXBuildFile; fileRef = AFFC229D1528E2DA0013FBAC /* AVFoundation.framework */; };
		AFFC22A01528E2DA0013FBAC /* CoreLocation.framework in Frameworks */ = {isa = PBXBuildFile; fileRef = AFFC229F1528E2DA0013FBAC /* CoreLocation.framework */; };
		AFFC22A21528E2DA0013FBAC /* MediaPlayer.framework in Frameworks */ = {isa = PBXBuildFile; fileRef = AFFC22A11528E2DA0013FBAC /* MediaPlayer.framework */; };
		AFFC22A41528E2DA0013FBAC /* QuartzCore.framework in Frameworks */ = {isa = PBXBuildFile; fileRef = AFFC22A31528E2DA0013FBAC /* QuartzCore.framework */; };
		AFFC22A61528E2DA0013FBAC /* SystemConfiguration.framework in Frameworks */ = {isa = PBXBuildFile; fileRef = AFFC22A51528E2DA0013FBAC /* SystemConfiguration.framework */; };
		AFFC22A81528E2DA0013FBAC /* MobileCoreServices.framework in Frameworks */ = {isa = PBXBuildFile; fileRef = AFFC22A71528E2DA0013FBAC /* MobileCoreServices.framework */; };
		AFFC22AA1528E2DA0013FBAC /* CoreMedia.framework in Frameworks */ = {isa = PBXBuildFile; fileRef = AFFC22A91528E2DA0013FBAC /* CoreMedia.framework */; };
		AFFC22B01528E2DA0013FBAC /* InfoPlist.strings in Resources */ = {isa = PBXBuildFile; fileRef = AFFC22AE1528E2DA0013FBAC /* InfoPlist.strings */; };
		AFFC22B21528E2DA0013FBAC /* main.m in Sources */ = {isa = PBXBuildFile; fileRef = AFFC22B11528E2DA0013FBAC /* main.m */; };
		AFFC22B51528E2DA0013FBAC /* PhoneGap.framework in Frameworks */ = {isa = PBXBuildFile; fileRef = AFFC22B41528E2DA0013FBAC /* PhoneGap.framework */; };
		AFFC22BA1528E2DA0013FBAC /* Localizable.strings in Resources */ = {isa = PBXBuildFile; fileRef = AFFC22B81528E2DA0013FBAC /* Localizable.strings */; };
		AFFC22BE1528E2DA0013FBAC /* Localizable.strings in Resources */ = {isa = PBXBuildFile; fileRef = AFFC22BC1528E2DA0013FBAC /* Localizable.strings */; };
		AFFC22CC1528E2DB0013FBAC /* Capture.bundle in Resources */ = {isa = PBXBuildFile; fileRef = AFFC22CB1528E2DB0013FBAC /* Capture.bundle */; };
		AFFC22CE1528E2DB0013FBAC /* PhoneGap.plist in Resources */ = {isa = PBXBuildFile; fileRef = AFFC22CD1528E2DB0013FBAC /* PhoneGap.plist */; };
		AFFC22D21528E2DB0013FBAC /* AppDelegate.m in Sources */ = {isa = PBXBuildFile; fileRef = AFFC22D11528E2DB0013FBAC /* AppDelegate.m */; };
		AFFC22D51528E2DB0013FBAC /* MainViewController.m in Sources */ = {isa = PBXBuildFile; fileRef = AFFC22D41528E2DB0013FBAC /* MainViewController.m */; };
		AFFC22D71528E2DB0013FBAC /* MainViewController.xib in Resources */ = {isa = PBXBuildFile; fileRef = AFFC22D61528E2DB0013FBAC /* MainViewController.xib */; };
		AFFC22E01528E5900013FBAC /* www in Resources */ = {isa = PBXBuildFile; fileRef = AFFC22DF1528E5900013FBAC /* www */; };
		AFFDCD501528ED2600F50149 /* Default-Landscape.png in Resources */ = {isa = PBXBuildFile; fileRef = AFFDCD491528ED2600F50149 /* Default-Landscape.png */; };
		AFFDCD511528ED2600F50149 /* Default-Landscape@2x.png in Resources */ = {isa = PBXBuildFile; fileRef = AFFDCD4A1528ED2600F50149 /* Default-Landscape@2x.png */; };
		AFFDCD521528ED2600F50149 /* Default-Landscape~ipad.png in Resources */ = {isa = PBXBuildFile; fileRef = AFFDCD4B1528ED2600F50149 /* Default-Landscape~ipad.png */; };
		AFFDCD531528ED2600F50149 /* Default-Portrait~ipad.png in Resources */ = {isa = PBXBuildFile; fileRef = AFFDCD4C1528ED2600F50149 /* Default-Portrait~ipad.png */; };
		AFFDCD541528ED2600F50149 /* Default.png in Resources */ = {isa = PBXBuildFile; fileRef = AFFDCD4D1528ED2600F50149 /* Default.png */; };
		AFFDCD551528ED2600F50149 /* Default@2x.png in Resources */ = {isa = PBXBuildFile; fileRef = AFFDCD4E1528ED2600F50149 /* Default@2x.png */; };
		AFFDCD561528ED2600F50149 /* Default~ipad.png in Resources */ = {isa = PBXBuildFile; fileRef = AFFDCD4F1528ED2600F50149 /* Default~ipad.png */; };
		AFFDCD5A1528ED3800F50149 /* icon-72.png in Resources */ = {isa = PBXBuildFile; fileRef = AFFDCD571528ED3800F50149 /* icon-72.png */; };
		AFFDCD5B1528ED3800F50149 /* icon.png in Resources */ = {isa = PBXBuildFile; fileRef = AFFDCD581528ED3800F50149 /* icon.png */; };
		AFFDCD5C1528ED3800F50149 /* icon@2x.png in Resources */ = {isa = PBXBuildFile; fileRef = AFFDCD591528ED3800F50149 /* icon@2x.png */; };
/* End PBXBuildFile section */

/* Begin PBXFileReference section */
		AFFC228D1528E2DA0013FBAC /* iosParade.app */ = {isa = PBXFileReference; explicitFileType = wrapper.application; includeInIndex = 0; path = iosParade.app; sourceTree = BUILT_PRODUCTS_DIR; };
		AFFC22911528E2DA0013FBAC /* Foundation.framework */ = {isa = PBXFileReference; lastKnownFileType = wrapper.framework; name = Foundation.framework; path = System/Library/Frameworks/Foundation.framework; sourceTree = SDKROOT; };
		AFFC22931528E2DA0013FBAC /* UIKit.framework */ = {isa = PBXFileReference; lastKnownFileType = wrapper.framework; name = UIKit.framework; path = System/Library/Frameworks/UIKit.framework; sourceTree = SDKROOT; };
		AFFC22951528E2DA0013FBAC /* CoreGraphics.framework */ = {isa = PBXFileReference; lastKnownFileType = wrapper.framework; name = CoreGraphics.framework; path = System/Library/Frameworks/CoreGraphics.framework; sourceTree = SDKROOT; };
		AFFC22971528E2DA0013FBAC /* AddressBook.framework */ = {isa = PBXFileReference; lastKnownFileType = wrapper.framework; name = AddressBook.framework; path = System/Library/Frameworks/AddressBook.framework; sourceTree = SDKROOT; };
		AFFC22991528E2DA0013FBAC /* AddressBookUI.framework */ = {isa = PBXFileReference; lastKnownFileType = wrapper.framework; name = AddressBookUI.framework; path = System/Library/Frameworks/AddressBookUI.framework; sourceTree = SDKROOT; };
		AFFC229B1528E2DA0013FBAC /* AudioToolbox.framework */ = {isa = PBXFileReference; lastKnownFileType = wrapper.framework; name = AudioToolbox.framework; path = System/Library/Frameworks/AudioToolbox.framework; sourceTree = SDKROOT; };
		AFFC229D1528E2DA0013FBAC /* AVFoundation.framework */ = {isa = PBXFileReference; lastKnownFileType = wrapper.framework; name = AVFoundation.framework; path = System/Library/Frameworks/AVFoundation.framework; sourceTree = SDKROOT; };
		AFFC229F1528E2DA0013FBAC /* CoreLocation.framework */ = {isa = PBXFileReference; lastKnownFileType = wrapper.framework; name = CoreLocation.framework; path = System/Library/Frameworks/CoreLocation.framework; sourceTree = SDKROOT; };
		AFFC22A11528E2DA0013FBAC /* MediaPlayer.framework */ = {isa = PBXFileReference; lastKnownFileType = wrapper.framework; name = MediaPlayer.framework; path = System/Library/Frameworks/MediaPlayer.framework; sourceTree = SDKROOT; };
		AFFC22A31528E2DA0013FBAC /* QuartzCore.framework */ = {isa = PBXFileReference; lastKnownFileType = wrapper.framework; name = QuartzCore.framework; path = System/Library/Frameworks/QuartzCore.framework; sourceTree = SDKROOT; };
		AFFC22A51528E2DA0013FBAC /* SystemConfiguration.framework */ = {isa = PBXFileReference; lastKnownFileType = wrapper.framework; name = SystemConfiguration.framework; path = System/Library/Frameworks/SystemConfiguration.framework; sourceTree = SDKROOT; };
		AFFC22A71528E2DA0013FBAC /* MobileCoreServices.framework */ = {isa = PBXFileReference; lastKnownFileType = wrapper.framework; name = MobileCoreServices.framework; path = System/Library/Frameworks/MobileCoreServices.framework; sourceTree = SDKROOT; };
		AFFC22A91528E2DA0013FBAC /* CoreMedia.framework */ = {isa = PBXFileReference; lastKnownFileType = wrapper.framework; name = CoreMedia.framework; path = System/Library/Frameworks/CoreMedia.framework; sourceTree = SDKROOT; };
		AFFC22AD1528E2DA0013FBAC /* iosParade-Info.plist */ = {isa = PBXFileReference; lastKnownFileType = text.plist.xml; path = "iosParade-Info.plist"; sourceTree = "<group>"; };
		AFFC22AF1528E2DA0013FBAC /* en */ = {isa = PBXFileReference; lastKnownFileType = text.plist.strings; name = en; path = en.lproj/InfoPlist.strings; sourceTree = "<group>"; };
		AFFC22B11528E2DA0013FBAC /* main.m */ = {isa = PBXFileReference; lastKnownFileType = sourcecode.c.objc; path = main.m; sourceTree = "<group>"; };
		AFFC22B31528E2DA0013FBAC /* iosParade-Prefix.pch */ = {isa = PBXFileReference; lastKnownFileType = sourcecode.c.h; path = "iosParade-Prefix.pch"; sourceTree = "<group>"; };
		AFFC22B41528E2DA0013FBAC /* PhoneGap.framework */ = {isa = PBXFileReference; lastKnownFileType = wrapper.framework; name = PhoneGap.framework; path = /Users/Shared/PhoneGap/Frameworks/PhoneGap.framework; sourceTree = "<absolute>"; };
		AFFC22B91528E2DA0013FBAC /* en */ = {isa = PBXFileReference; lastKnownFileType = text.plist.strings; name = en; path = Resources/en.lproj/Localizable.strings; sourceTree = "<group>"; };
		AFFC22BD1528E2DA0013FBAC /* es */ = {isa = PBXFileReference; lastKnownFileType = text.plist.strings; name = es; path = Resources/es.lproj/Localizable.strings; sourceTree = "<group>"; };
		AFFC22CB1528E2DB0013FBAC /* Capture.bundle */ = {isa = PBXFileReference; lastKnownFileType = "wrapper.plug-in"; name = Capture.bundle; path = Resources/Capture.bundle; sourceTree = "<group>"; };
		AFFC22CD1528E2DB0013FBAC /* PhoneGap.plist */ = {isa = PBXFileReference; lastKnownFileType = text.plist.xml; path = PhoneGap.plist; sourceTree = "<group>"; };
		AFFC22D01528E2DB0013FBAC /* AppDelegate.h */ = {isa = PBXFileReference; lastKnownFileType = sourcecode.c.h; name = AppDelegate.h; path = Classes/AppDelegate.h; sourceTree = "<group>"; };
		AFFC22D11528E2DB0013FBAC /* AppDelegate.m */ = {isa = PBXFileReference; lastKnownFileType = sourcecode.c.objc; name = AppDelegate.m; path = Classes/AppDelegate.m; sourceTree = "<group>"; };
		AFFC22D31528E2DB0013FBAC /* MainViewController.h */ = {isa = PBXFileReference; lastKnownFileType = sourcecode.c.h; name = MainViewController.h; path = Classes/MainViewController.h; sourceTree = "<group>"; };
		AFFC22D41528E2DB0013FBAC /* MainViewController.m */ = {isa = PBXFileReference; lastKnownFileType = sourcecode.c.objc; name = MainViewController.m; path = Classes/MainViewController.m; sourceTree = "<group>"; };
		AFFC22D61528E2DB0013FBAC /* MainViewController.xib */ = {isa = PBXFileReference; lastKnownFileType = file.xib; name = MainViewController.xib; path = Classes/MainViewController.xib; sourceTree = "<group>"; };
		AFFC22D91528E2DB0013FBAC /* README */ = {isa = PBXFileReference; lastKnownFileType = text; name = README; path = Plugins/README; sourceTree = "<group>"; };
		AFFC22DF1528E5900013FBAC /* www */ = {isa = PBXFileReference; lastKnownFileType = folder; name = www; path = ../Android_iParade/assets/www; sourceTree = "<group>"; };
		AFFDCD491528ED2600F50149 /* Default-Landscape.png */ = {isa = PBXFileReference; lastKnownFileType = image.png; name = "Default-Landscape.png"; path = "Resources/splash/Default-Landscape.png"; sourceTree = "<group>"; };
		AFFDCD4A1528ED2600F50149 /* Default-Landscape@2x.png */ = {isa = PBXFileReference; lastKnownFileType = image.png; name = "Default-Landscape@2x.png"; path = "Resources/splash/Default-Landscape@2x.png"; sourceTree = "<group>"; };
		AFFDCD4B1528ED2600F50149 /* Default-Landscape~ipad.png */ = {isa = PBXFileReference; lastKnownFileType = image.png; name = "Default-Landscape~ipad.png"; path = "Resources/splash/Default-Landscape~ipad.png"; sourceTree = "<group>"; };
		AFFDCD4C1528ED2600F50149 /* Default-Portrait~ipad.png */ = {isa = PBXFileReference; lastKnownFileType = image.png; name = "Default-Portrait~ipad.png"; path = "Resources/splash/Default-Portrait~ipad.png"; sourceTree = "<group>"; };
		AFFDCD4D1528ED2600F50149 /* Default.png */ = {isa = PBXFileReference; lastKnownFileType = image.png; name = Default.png; path = Resources/splash/Default.png; sourceTree = "<group>"; };
		AFFDCD4E1528ED2600F50149 /* Default@2x.png */ = {isa = PBXFileReference; lastKnownFileType = image.png; name = "Default@2x.png"; path = "Resources/splash/Default@2x.png"; sourceTree = "<group>"; };
		AFFDCD4F1528ED2600F50149 /* Default~ipad.png */ = {isa = PBXFileReference; lastKnownFileType = image.png; name = "Default~ipad.png"; path = "Resources/splash/Default~ipad.png"; sourceTree = "<group>"; };
		AFFDCD571528ED3800F50149 /* icon-72.png */ = {isa = PBXFileReference; lastKnownFileType = image.png; name = "icon-72.png"; path = "Resources/icons/icon-72.png"; sourceTree = "<group>"; };
		AFFDCD581528ED3800F50149 /* icon.png */ = {isa = PBXFileReference; lastKnownFileType = image.png; name = icon.png; path = Resources/icons/icon.png; sourceTree = "<group>"; };
		AFFDCD591528ED3800F50149 /* icon@2x.png */ = {isa = PBXFileReference; lastKnownFileType = image.png; name = "icon@2x.png"; path = "Resources/icons/icon@2x.png"; sourceTree = "<group>"; };
/* End PBXFileReference section */

/* Begin PBXFrameworksBuildPhase section */
		AFFC22871528E2DA0013FBAC /* Frameworks */ = {
			isa = PBXFrameworksBuildPhase;
			buildActionMask = 2147483647;
			files = (
				AFFC22921528E2DA0013FBAC /* Foundation.framework in Frameworks */,
				AFFC22941528E2DA0013FBAC /* UIKit.framework in Frameworks */,
				AFFC22961528E2DA0013FBAC /* CoreGraphics.framework in Frameworks */,
				AFFC22981528E2DA0013FBAC /* AddressBook.framework in Frameworks */,
				AFFC229A1528E2DA0013FBAC /* AddressBookUI.framework in Frameworks */,
				AFFC229C1528E2DA0013FBAC /* AudioToolbox.framework in Frameworks */,
				AFFC229E1528E2DA0013FBAC /* AVFoundation.framework in Frameworks */,
				AFFC22A01528E2DA0013FBAC /* CoreLocation.framework in Frameworks */,
				AFFC22A21528E2DA0013FBAC /* MediaPlayer.framework in Frameworks */,
				AFFC22A41528E2DA0013FBAC /* QuartzCore.framework in Frameworks */,
				AFFC22A61528E2DA0013FBAC /* SystemConfiguration.framework in Frameworks */,
				AFFC22A81528E2DA0013FBAC /* MobileCoreServices.framework in Frameworks */,
				AFFC22AA1528E2DA0013FBAC /* CoreMedia.framework in Frameworks */,
				AFFC22B51528E2DA0013FBAC /* PhoneGap.framework in Frameworks */,
			);
			runOnlyForDeploymentPostprocessing = 0;
		};
		AFFC228A1528E2DA0013FBAC /* Frameworks */ = {
			isa = PBXFrameworksBuildPhase;
			buildActionMask = 2147483647;
			files = (
			);
			runOnlyForDeploymentPostprocessing = 0;
		};
/* End PBXFrameworksBuildPhase section */

/* Begin PBXGroup section */
		AFFC227F1528E2DA0013FBAC = {
			isa = PBXGroup;
			children = (
				AFFC22DF1528E5900013FBAC /* www */,
				AFFC22AB1528E2DA0013FBAC /* iosParade */,
				AFFC22901528E2DA0013FBAC /* Frameworks */,
				AFFC228E1528E2DA0013FBAC /* Products */,
			);
			sourceTree = "<group>";
		};
		AFFC228E1528E2DA0013FBAC /* Products */ = {
			isa = PBXGroup;
			children = (
				AFFC228D1528E2DA0013FBAC /* iosParade.app */,
			);
			name = Products;
			sourceTree = "<group>";
		};
		AFFC22901528E2DA0013FBAC /* Frameworks */ = {
			isa = PBXGroup;
			children = (
				AFFC22911528E2DA0013FBAC /* Foundation.framework */,
				AFFC22931528E2DA0013FBAC /* UIKit.framework */,
				AFFC22951528E2DA0013FBAC /* CoreGraphics.framework */,
				AFFC22971528E2DA0013FBAC /* AddressBook.framework */,
				AFFC22991528E2DA0013FBAC /* AddressBookUI.framework */,
				AFFC229B1528E2DA0013FBAC /* AudioToolbox.framework */,
				AFFC229D1528E2DA0013FBAC /* AVFoundation.framework */,
				AFFC229F1528E2DA0013FBAC /* CoreLocation.framework */,
				AFFC22A11528E2DA0013FBAC /* MediaPlayer.framework */,
				AFFC22A31528E2DA0013FBAC /* QuartzCore.framework */,
				AFFC22A51528E2DA0013FBAC /* SystemConfiguration.framework */,
				AFFC22A71528E2DA0013FBAC /* MobileCoreServices.framework */,
				AFFC22A91528E2DA0013FBAC /* CoreMedia.framework */,
			);
			name = Frameworks;
			sourceTree = "<group>";
		};
		AFFC22AB1528E2DA0013FBAC /* iosParade */ = {
			isa = PBXGroup;
			children = (
				AFFC22B41528E2DA0013FBAC /* PhoneGap.framework */,
				AFFC22B61528E2DA0013FBAC /* Resources */,
				AFFC22CF1528E2DB0013FBAC /* Classes */,
				AFFC22D81528E2DB0013FBAC /* Plugins */,
				AFFC22AC1528E2DA0013FBAC /* Supporting Files */,
			);
			path = iosParade;
			sourceTree = "<group>";
		};
		AFFC22AC1528E2DA0013FBAC /* Supporting Files */ = {
			isa = PBXGroup;
			children = (
				AFFC22AD1528E2DA0013FBAC /* iosParade-Info.plist */,
				AFFC22AE1528E2DA0013FBAC /* InfoPlist.strings */,
				AFFC22B11528E2DA0013FBAC /* main.m */,
				AFFC22B31528E2DA0013FBAC /* iosParade-Prefix.pch */,
				AFFC22CD1528E2DB0013FBAC /* PhoneGap.plist */,
				AFFC22D61528E2DB0013FBAC /* MainViewController.xib */,
			);
			name = "Supporting Files";
			sourceTree = "<group>";
		};
		AFFC22B61528E2DA0013FBAC /* Resources */ = {
			isa = PBXGroup;
			children = (
				AFFC22CB1528E2DB0013FBAC /* Capture.bundle */,
				AFFC22B71528E2DA0013FBAC /* en.lproj */,
				AFFC22BB1528E2DA0013FBAC /* es.lproj */,
				AFFC22BF1528E2DB0013FBAC /* icons */,
				AFFC22C61528E2DB0013FBAC /* splash */,
			);
			name = Resources;
			sourceTree = "<group>";
		};
		AFFC22B71528E2DA0013FBAC /* en.lproj */ = {
			isa = PBXGroup;
			children = (
				AFFC22B81528E2DA0013FBAC /* Localizable.strings */,
			);
			name = en.lproj;
			sourceTree = "<group>";
		};
		AFFC22BB1528E2DA0013FBAC /* es.lproj */ = {
			isa = PBXGroup;
			children = (
				AFFC22BC1528E2DA0013FBAC /* Localizable.strings */,
			);
			name = es.lproj;
			sourceTree = "<group>";
		};
		AFFC22BF1528E2DB0013FBAC /* icons */ = {
			isa = PBXGroup;
			children = (
				AFFDCD571528ED3800F50149 /* icon-72.png */,
				AFFDCD581528ED3800F50149 /* icon.png */,
				AFFDCD591528ED3800F50149 /* icon@2x.png */,
			);
			name = icons;
			sourceTree = "<group>";
		};
		AFFC22C61528E2DB0013FBAC /* splash */ = {
			isa = PBXGroup;
			children = (
				AFFDCD491528ED2600F50149 /* Default-Landscape.png */,
				AFFDCD4A1528ED2600F50149 /* Default-Landscape@2x.png */,
				AFFDCD4B1528ED2600F50149 /* Default-Landscape~ipad.png */,
				AFFDCD4C1528ED2600F50149 /* Default-Portrait~ipad.png */,
				AFFDCD4D1528ED2600F50149 /* Default.png */,
				AFFDCD4E1528ED2600F50149 /* Default@2x.png */,
				AFFDCD4F1528ED2600F50149 /* Default~ipad.png */,
			);
			name = splash;
			sourceTree = "<group>";
		};
		AFFC22CF1528E2DB0013FBAC /* Classes */ = {
			isa = PBXGroup;
			children = (
				AFFC22D01528E2DB0013FBAC /* AppDelegate.h */,
				AFFC22D11528E2DB0013FBAC /* AppDelegate.m */,
				AFFC22D31528E2DB0013FBAC /* MainViewController.h */,
				AFFC22D41528E2DB0013FBAC /* MainViewController.m */,
			);
			name = Classes;
			sourceTree = "<group>";
		};
		AFFC22D81528E2DB0013FBAC /* Plugins */ = {
			isa = PBXGroup;
			children = (
				AFFC22D91528E2DB0013FBAC /* README */,
			);
			name = Plugins;
			sourceTree = "<group>";
		};
/* End PBXGroup section */

/* Begin PBXNativeTarget section */
		AFFC228C1528E2DA0013FBAC /* iosParade */ = {
			isa = PBXNativeTarget;
			buildConfigurationList = AFFC22DC1528E2DB0013FBAC /* Build configuration list for PBXNativeTarget "iosParade" */;
			buildPhases = (
				AFFC22861528E2DA0013FBAC /* Sources */,
				AFFC22871528E2DA0013FBAC /* Frameworks */,
				AFFC22881528E2DA0013FBAC /* Resources */,
				AFFC22891528E2DA0013FBAC /* Sources */,
				AFFC228A1528E2DA0013FBAC /* Frameworks */,
				AFFC228B1528E2DA0013FBAC /* ShellScript */,
			);
			buildRules = (
			);
			dependencies = (
			);
			name = iosParade;
			productName = iosParade;
			productReference = AFFC228D1528E2DA0013FBAC /* iosParade.app */;
			productType = "com.apple.product-type.application";
		};
/* End PBXNativeTarget section */

/* Begin PBXProject section */
		AFFC22811528E2DA0013FBAC /* Project object */ = {
			isa = PBXProject;
			attributes = {
				LastUpgradeCheck = 0420;
			};
			buildConfigurationList = AFFC22841528E2DA0013FBAC /* Build configuration list for PBXProject "iosParade" */;
			compatibilityVersion = "Xcode 3.2";
			developmentRegion = English;
			hasScannedForEncodings = 0;
			knownRegions = (
				en,
				es,
			);
			mainGroup = AFFC227F1528E2DA0013FBAC;
			productRefGroup = AFFC228E1528E2DA0013FBAC /* Products */;
			projectDirPath = "";
			projectRoot = "";
			targets = (
				AFFC228C1528E2DA0013FBAC /* iosParade */,
			);
		};
/* End PBXProject section */

/* Begin PBXResourcesBuildPhase section */
		AFFC22881528E2DA0013FBAC /* Resources */ = {
			isa = PBXResourcesBuildPhase;
			buildActionMask = 2147483647;
			files = (
				AFFC22B01528E2DA0013FBAC /* InfoPlist.strings in Resources */,
				AFFC22BA1528E2DA0013FBAC /* Localizable.strings in Resources */,
				AFFC22BE1528E2DA0013FBAC /* Localizable.strings in Resources */,
				AFFC22CC1528E2DB0013FBAC /* Capture.bundle in Resources */,
				AFFC22CE1528E2DB0013FBAC /* PhoneGap.plist in Resources */,
				AFFC22D71528E2DB0013FBAC /* MainViewController.xib in Resources */,
				AFFC22E01528E5900013FBAC /* www in Resources */,
				AFFDCD501528ED2600F50149 /* Default-Landscape.png in Resources */,
				AFFDCD511528ED2600F50149 /* Default-Landscape@2x.png in Resources */,
				AFFDCD521528ED2600F50149 /* Default-Landscape~ipad.png in Resources */,
				AFFDCD531528ED2600F50149 /* Default-Portrait~ipad.png in Resources */,
				AFFDCD541528ED2600F50149 /* Default.png in Resources */,
				AFFDCD551528ED2600F50149 /* Default@2x.png in Resources */,
				AFFDCD561528ED2600F50149 /* Default~ipad.png in Resources */,
				AFFDCD5A1528ED3800F50149 /* icon-72.png in Resources */,
				AFFDCD5B1528ED3800F50149 /* icon.png in Resources */,
				AFFDCD5C1528ED3800F50149 /* icon@2x.png in Resources */,
			);
			runOnlyForDeploymentPostprocessing = 0;
		};
/* End PBXResourcesBuildPhase section */

/* Begin PBXShellScriptBuildPhase section */
		AFFC228B1528E2DA0013FBAC /* ShellScript */ = {
			isa = PBXShellScriptBuildPhase;
			buildActionMask = 2147483647;
			files = (
			);
			inputPaths = (
			);
			outputPaths = (
			);
			runOnlyForDeploymentPostprocessing = 0;
			shellPath = /bin/bash;
			shellScript = "\n\t\t\t\t\t\t\t\tif [ ! -d \"$PROJECT_DIR/www\" ] ; then\n\t\t\t\t\t\t\t\t\tcp -R /Users/Shared/PhoneGap/Frameworks/PhoneGap.framework/www \"$PROJECT_DIR\"\n\t\t\t\t\t\t\t\tfi\n\t\t\t\t\t\t\t\t# detect www folder reference in project, if missing, print warning\n\t\t\t\t\t\t\t\tgrep \"{isa = PBXFileReference; lastKnownFileType = folder; path = www; sourceTree = \\\"<group>\\\"; };\" \"$PROJECT_DIR/$PROJECT_NAME.xcodeproj/project.pbxproj\"\n\t\t\t\t\t\t\t\trc=$? \n\t\t\t\t\t\t\t\tif [ $rc != 0 ] ; then\n\t\t\t\t\t\t\t\techo -e \"warning: Missing - Add $PROJECT_DIR/www as a folder reference in your project. Just drag and drop the folder into your project, into the Project Navigator of Xcode 4. Make sure you select the second radio-button: 'Create folder references for any added folders' (which will create a blue folder)\" 1>&2\n\t\t\t\t\t\t\t\tfi\t\t\t\t\t\t\t";
		};
/* End PBXShellScriptBuildPhase section */

/* Begin PBXSourcesBuildPhase section */
		AFFC22861528E2DA0013FBAC /* Sources */ = {
			isa = PBXSourcesBuildPhase;
			buildActionMask = 2147483647;
			files = (
				AFFC22B21528E2DA0013FBAC /* main.m in Sources */,
				AFFC22D21528E2DB0013FBAC /* AppDelegate.m in Sources */,
				AFFC22D51528E2DB0013FBAC /* MainViewController.m in Sources */,
			);
			runOnlyForDeploymentPostprocessing = 0;
		};
		AFFC22891528E2DA0013FBAC /* Sources */ = {
			isa = PBXSourcesBuildPhase;
			buildActionMask = 2147483647;
			files = (
			);
			runOnlyForDeploymentPostprocessing = 0;
		};
/* End PBXSourcesBuildPhase section */

/* Begin PBXVariantGroup section */
		AFFC22AE1528E2DA0013FBAC /* InfoPlist.strings */ = {
			isa = PBXVariantGroup;
			children = (
				AFFC22AF1528E2DA0013FBAC /* en */,
			);
			name = InfoPlist.strings;
			sourceTree = "<group>";
		};
		AFFC22B81528E2DA0013FBAC /* Localizable.strings */ = {
			isa = PBXVariantGroup;
			children = (
				AFFC22B91528E2DA0013FBAC /* en */,
			);
			name = Localizable.strings;
			sourceTree = "<group>";
		};
		AFFC22BC1528E2DA0013FBAC /* Localizable.strings */ = {
			isa = PBXVariantGroup;
			children = (
				AFFC22BD1528E2DA0013FBAC /* es */,
			);
			name = Localizable.strings;
			sourceTree = "<group>";
		};
/* End PBXVariantGroup section */

/* Begin XCBuildConfiguration section */
		AFFC22DA1528E2DB0013FBAC /* Debug */ = {
			isa = XCBuildConfiguration;
			buildSettings = {
				ALWAYS_SEARCH_USER_PATHS = NO;
				ARCHS = (
					armv6,
					"$(ARCHS_STANDARD_32_BIT)",
				);
				"CODE_SIGN_IDENTITY[sdk=iphoneos*]" = "iPhone Developer";
				COPY_PHASE_STRIP = NO;
				GCC_C_LANGUAGE_STANDARD = gnu99;
				GCC_DYNAMIC_NO_PIC = NO;
				GCC_OPTIMIZATION_LEVEL = 0;
				GCC_PREPROCESSOR_DEFINITIONS = (
					"DEBUG=1",
					"$(inherited)",
				);
				GCC_SYMBOLS_PRIVATE_EXTERN = NO;
				GCC_VERSION = com.apple.compilers.llvmgcc42;
				GCC_WARN_ABOUT_MISSING_PROTOTYPES = YES;
				GCC_WARN_ABOUT_RETURN_TYPE = YES;
				GCC_WARN_UNUSED_VARIABLE = YES;
				IPHONEOS_DEPLOYMENT_TARGET = 3.0;
				SDKROOT = iphoneos;
			};
			name = Debug;
		};
		AFFC22DB1528E2DB0013FBAC /* Release */ = {
			isa = XCBuildConfiguration;
			buildSettings = {
				ALWAYS_SEARCH_USER_PATHS = NO;
				ARCHS = (
					armv6,
					"$(ARCHS_STANDARD_32_BIT)",
				);
				"CODE_SIGN_IDENTITY[sdk=iphoneos*]" = "iPhone Developer";
				COPY_PHASE_STRIP = YES;
				GCC_C_LANGUAGE_STANDARD = gnu99;
				GCC_VERSION = com.apple.compilers.llvmgcc42;
				GCC_WARN_ABOUT_MISSING_PROTOTYPES = YES;
				GCC_WARN_ABOUT_RETURN_TYPE = YES;
				GCC_WARN_UNUSED_VARIABLE = YES;
				IPHONEOS_DEPLOYMENT_TARGET = 3.0;
				SDKROOT = iphoneos;
				VALIDATE_PRODUCT = YES;
			};
			name = Release;
		};
		AFFC22DD1528E2DB0013FBAC /* Debug */ = {
			isa = XCBuildConfiguration;
			buildSettings = {
				ALWAYS_SEARCH_USER_PATHS = YES;
				COPY_PHASE_STRIP = NO;
				FRAMEWORK_SEARCH_PATHS = /Users/Shared/PhoneGap/Frameworks;
				GCC_DYNAMIC_NO_PIC = NO;
				GCC_PRECOMPILE_PREFIX_HEADER = YES;
				GCC_PREFIX_HEADER = "iosParade/iosParade-Prefix.pch";
				GCC_PREPROCESSOR_DEFINITIONS = "PHONEGAP_FRAMEWORK=YES";
				INFOPLIST_FILE = "iosParade/iosParade-Info.plist";
				OTHER_LDFLAGS = (
					"-weak_framework",
					UIKit,
					"-weak_framework",
					AVFoundation,
					"-weak_framework",
					CoreMedia,
					"-weak_library",
					/usr/lib/libSystem.B.dylib,
				);
				PRODUCT_NAME = "$(TARGET_NAME)";
				TARGETED_DEVICE_FAMILY = "1,2";
				WRAPPER_EXTENSION = app;
			};
			name = Debug;
		};
		AFFC22DE1528E2DB0013FBAC /* Release */ = {
			isa = XCBuildConfiguration;
			buildSettings = {
				ALWAYS_SEARCH_USER_PATHS = YES;
				COPY_PHASE_STRIP = YES;
				DEBUG_INFORMATION_FORMAT = "dwarf-with-dsym";
				FRAMEWORK_SEARCH_PATHS = /Users/Shared/PhoneGap/Frameworks;
				GCC_PRECOMPILE_PREFIX_HEADER = YES;
				GCC_PREFIX_HEADER = "iosParade/iosParade-Prefix.pch";
				GCC_PREPROCESSOR_DEFINITIONS = "PHONEGAP_FRAMEWORK=YES";
				INFOPLIST_FILE = "iosParade/iosParade-Info.plist";
				OTHER_LDFLAGS = (
					"-weak_framework",
					UIKit,
					"-weak_framework",
					AVFoundation,
					"-weak_framework",
					CoreMedia,
					"-weak_library",
					/usr/lib/libSystem.B.dylib,
				);
				PRODUCT_NAME = "$(TARGET_NAME)";
				TARGETED_DEVICE_FAMILY = "1,2";
				VALIDATE_PRODUCT = YES;
				WRAPPER_EXTENSION = app;
			};
			name = Release;
		};
/* End XCBuildConfiguration section */

/* Begin XCConfigurationList section */
		AFFC22841528E2DA0013FBAC /* Build configuration list for PBXProject "iosParade" */ = {
			isa = XCConfigurationList;
			buildConfigurations = (
				AFFC22DA1528E2DB0013FBAC /* Debug */,
				AFFC22DB1528E2DB0013FBAC /* Release */,
			);
			defaultConfigurationIsVisible = 0;
			defaultConfigurationName = Release;
		};
		AFFC22DC1528E2DB0013FBAC /* Build configuration list for PBXNativeTarget "iosParade" */ = {
			isa = XCConfigurationList;
			buildConfigurations = (
				AFFC22DD1528E2DB0013FBAC /* Debug */,
				AFFC22DE1528E2DB0013FBAC /* Release */,
			);
			defaultConfigurationIsVisible = 0;
			defaultConfigurationName = Release;
		};
/* End XCConfigurationList section */
	};
	rootObject = AFFC22811528E2DA0013FBAC /* Project object */;
}
